// !$*UTF8*$!
{
	archiveVersion = 1;
	classes = {
	};
	objectVersion = 56;
	objects = {

/* Begin PBXBuildFile section */
		0E0A7FE82CBFF9C500BFFCDB /* Entitlements.plist in Resources */ = {isa = PBXBuildFile; fileRef = 0E0A7FE72CBFF9C500BFFCDB /* Entitlements.plist */; };
		0E1153C02D5F443F003DF133 /* xpeho_ui in Frameworks */ = {isa = PBXBuildFile; productRef = 0E1153BF2D5F443F003DF133 /* xpeho_ui */; };
		0E1153C32D5F8273003DF133 /* xpeho_ui in Frameworks */ = {isa = PBXBuildFile; productRef = 0E1153C22D5F8273003DF133 /* xpeho_ui */; };
		0E155E652C64F97100649EBC /* LaunchScreen.storyboard in Resources */ = {isa = PBXBuildFile; fileRef = 0E155E642C64F97100649EBC /* LaunchScreen.storyboard */; };
		0E260DBD2CD8D79E00F8EF0C /* NoContentPlaceHolderView.swift in Sources */ = {isa = PBXBuildFile; fileRef = 0E260DBC2CD8D79E00F8EF0C /* NoContentPlaceHolderView.swift */; };
		0E260DBF2CD90DAA00F8EF0C /* ListFilterView.swift in Sources */ = {isa = PBXBuildFile; fileRef = 0E260DBE2CD90DAA00F8EF0C /* ListFilterView.swift */; };
		0E260DC12CD92CEA00F8EF0C /* ListFilterTitleView.swift in Sources */ = {isa = PBXBuildFile; fileRef = 0E260DC02CD92CEA00F8EF0C /* ListFilterTitleView.swift */; };
		0E260DC32CDA245000F8EF0C /* PageTitleView.swift in Sources */ = {isa = PBXBuildFile; fileRef = 0E260DC22CDA245000F8EF0C /* PageTitleView.swift */; };
		0E5C6EFA2C69EDD100AA2127 /* TitleView.swift in Sources */ = {isa = PBXBuildFile; fileRef = 0E5C6EF92C69EDD100AA2127 /* TitleView.swift */; };
		0E5C6EFC2C6A1A4500AA2127 /* HomePageView.swift in Sources */ = {isa = PBXBuildFile; fileRef = 0E5C6EFB2C6A1A4500AA2127 /* HomePageView.swift */; };
		0E61D2AF2C78A0AC00050F7C /* QvstThemeModel.swift in Sources */ = {isa = PBXBuildFile; fileRef = 0E61D2AE2C78A0AC00050F7C /* QvstThemeModel.swift */; };
		0E61D2B12C78A0C600050F7C /* QvstCampaignModel.swift in Sources */ = {isa = PBXBuildFile; fileRef = 0E61D2B02C78A0C600050F7C /* QvstCampaignModel.swift */; };
		0E61D2B72C78A1EA00050F7C /* NewsletterRepositoryImpl.swift in Sources */ = {isa = PBXBuildFile; fileRef = 0E61D2B62C78A1EA00050F7C /* NewsletterRepositoryImpl.swift */; };
		0E61D2B92C78A20F00050F7C /* NewsletterModel.swift in Sources */ = {isa = PBXBuildFile; fileRef = 0E61D2B82C78A20F00050F7C /* NewsletterModel.swift */; };
		0E61D2BE2C78A47300050F7C /* Utils.swift in Sources */ = {isa = PBXBuildFile; fileRef = 0E61D2BD2C78A47300050F7C /* Utils.swift */; };
		0E61D2C02C78A4DA00050F7C /* QvstQuestionModel.swift in Sources */ = {isa = PBXBuildFile; fileRef = 0E61D2BF2C78A4DA00050F7C /* QvstQuestionModel.swift */; };
		0E61D2C22C78A4E300050F7C /* QvstAnswerModel.swift in Sources */ = {isa = PBXBuildFile; fileRef = 0E61D2C12C78A4E300050F7C /* QvstAnswerModel.swift */; };
		0E61D2C42C78A4F200050F7C /* QvstProgressModel.swift in Sources */ = {isa = PBXBuildFile; fileRef = 0E61D2C32C78A4F200050F7C /* QvstProgressModel.swift */; };
		0E61D2C62C78A53100050F7C /* QvstFormResponseModel.swift in Sources */ = {isa = PBXBuildFile; fileRef = 0E61D2C52C78A53100050F7C /* QvstFormResponseModel.swift */; };
		0E61D2C82C78A55400050F7C /* QvstRepositoryImpl.swift in Sources */ = {isa = PBXBuildFile; fileRef = 0E61D2C72C78A55400050F7C /* QvstRepositoryImpl.swift */; };
		0E61D2CB2C78D47700050F7C /* Config.swift in Sources */ = {isa = PBXBuildFile; fileRef = 0E61D2CA2C78D47700050F7C /* Config.swift */; };
		0E6277A02C943FAF00F26E55 /* LastNewsletterPreviewView.swift in Sources */ = {isa = PBXBuildFile; fileRef = 0E62779F2C943FAF00F26E55 /* LastNewsletterPreviewView.swift */; };
		0E6277A22C943FC600F26E55 /* CampaignCardView.swift in Sources */ = {isa = PBXBuildFile; fileRef = 0E6277A12C943FC600F26E55 /* CampaignCardView.swift */; };
		0E6277A42C94462100F26E55 /* CampaignsListView.swift in Sources */ = {isa = PBXBuildFile; fileRef = 0E6277A32C94462100F26E55 /* CampaignsListView.swift */; };
		0E6277A72C9484D900F26E55 /* NewsletterPageViewModel.swift in Sources */ = {isa = PBXBuildFile; fileRef = 0E6277A62C9484D900F26E55 /* NewsletterPageViewModel.swift */; };
		0E6277AA2C94897100F26E55 /* NewsletterCardView.swift in Sources */ = {isa = PBXBuildFile; fileRef = 0E6277A92C94897100F26E55 /* NewsletterCardView.swift */; };
		0E6277AD2C94907500F26E55 /* CampaignsPageViewModel.swift in Sources */ = {isa = PBXBuildFile; fileRef = 0E6277AC2C94907500F26E55 /* CampaignsPageViewModel.swift */; };
		0E6277B12C98290C00F26E55 /* CampaignFormViewModel.swift in Sources */ = {isa = PBXBuildFile; fileRef = 0E6277B02C98290C00F26E55 /* CampaignFormViewModel.swift */; };
		0E6277B52C98829200F26E55 /* UserEntity.swift in Sources */ = {isa = PBXBuildFile; fileRef = 0E6277B42C98829200F26E55 /* UserEntity.swift */; };
		0E6277B72C98850200F26E55 /* TokenResponseModel.swift in Sources */ = {isa = PBXBuildFile; fileRef = 0E6277B62C98850200F26E55 /* TokenResponseModel.swift */; };
		0E6277BB2C9988AE00F26E55 /* KeychainManager.swift in Sources */ = {isa = PBXBuildFile; fileRef = 0E6277BA2C9988AE00F26E55 /* KeychainManager.swift */; };
		0E6277BD2C9ADB5500F26E55 /* NewslettersListView.swift in Sources */ = {isa = PBXBuildFile; fileRef = 0E6277BC2C9ADB5500F26E55 /* NewslettersListView.swift */; };
		0E67FA212C74943C00B34AE9 /* ToastManager.swift in Sources */ = {isa = PBXBuildFile; fileRef = 0E67FA202C74943C00B34AE9 /* ToastManager.swift */; };
		0E6ACF7C2C870FC700735E1E /* FeatureModel.swift in Sources */ = {isa = PBXBuildFile; fileRef = 0E6ACF7B2C870FC700735E1E /* FeatureModel.swift */; };
		0E6ACF802C8710B100735E1E /* FeatureRepositoryImpl.swift in Sources */ = {isa = PBXBuildFile; fileRef = 0E6ACF7F2C8710B100735E1E /* FeatureRepositoryImpl.swift */; };
		0E6ACF822C8727E900735E1E /* NewsletterRepositoryTests.swift in Sources */ = {isa = PBXBuildFile; fileRef = 0E6ACF812C8727E900735E1E /* NewsletterRepositoryTests.swift */; };
		0E6ACF842C87285500735E1E /* FeatureRepositoryTests.swift in Sources */ = {isa = PBXBuildFile; fileRef = 0E6ACF832C87285500735E1E /* FeatureRepositoryTests.swift */; };
		0E72BA602C75DCE400C0583D /* QvstRepositoryTests.swift in Sources */ = {isa = PBXBuildFile; fileRef = 0E72BA5F2C75DCE400C0583D /* QvstRepositoryTests.swift */; };
		0E72BA622C771FC100C0583D /* RouterManager.swift in Sources */ = {isa = PBXBuildFile; fileRef = 0E72BA612C771FC100C0583D /* RouterManager.swift */; };
		0E7C7CA42C9B084800660E75 /* SidebarItemView.swift in Sources */ = {isa = PBXBuildFile; fileRef = 0E7C7CA32C9B084800660E75 /* SidebarItemView.swift */; };
		0E7C7CA92C9B20DE00660E75 /* MockFirebaseAPI.swift in Sources */ = {isa = PBXBuildFile; fileRef = 0E7C7CA82C9B20DE00660E75 /* MockFirebaseAPI.swift */; };
		0E7C7CAB2C9B2C6A00660E75 /* MockWordpressAPI.swift in Sources */ = {isa = PBXBuildFile; fileRef = 0E7C7CAA2C9B2C6A00660E75 /* MockWordpressAPI.swift */; };
		0E7E8C042CF490CE00D348EC /* FirebaseStorage in Frameworks */ = {isa = PBXBuildFile; productRef = 0E7E8C032CF490CE00D348EC /* FirebaseStorage */; };
		0E7E8C072CF5D4AF00D348EC /* xpeho_ui in Frameworks */ = {isa = PBXBuildFile; productRef = 0E7E8C062CF5D4AF00D348EC /* xpeho_ui */; };
		0E7EBD5E2C6CFF8700C95482 /* CampaignFormView.swift in Sources */ = {isa = PBXBuildFile; fileRef = 0E7EBD5D2C6CFF8700C95482 /* CampaignFormView.swift */; };
		0E87AC2F2C660DBB0079877D /* HeaderView.swift in Sources */ = {isa = PBXBuildFile; fileRef = 0E87AC2E2C660DBB0079877D /* HeaderView.swift */; };
		0E87AC332C660DDF0079877D /* SidebarView.swift in Sources */ = {isa = PBXBuildFile; fileRef = 0E87AC322C660DDF0079877D /* SidebarView.swift */; };
		0EB50D232CDB676F004E8C24 /* xpeho_ui in Frameworks */ = {isa = PBXBuildFile; productRef = 0EB50D222CDB676F004E8C24 /* xpeho_ui */; };
		0EEE15042C9C56A70066CCB7 /* UserRepositoryTests.swift in Sources */ = {isa = PBXBuildFile; fileRef = 0EEE15032C9C56A70066CCB7 /* UserRepositoryTests.swift */; };
		0EEE15082C9D56790066CCB7 /* FeatureModelEntityTests.swift in Sources */ = {isa = PBXBuildFile; fileRef = 0EEE15072C9D56790066CCB7 /* FeatureModelEntityTests.swift */; };
		0EEE150A2C9D58130066CCB7 /* NewsletterModelEntityTests.swift in Sources */ = {isa = PBXBuildFile; fileRef = 0EEE15092C9D58130066CCB7 /* NewsletterModelEntityTests.swift */; };
		0EEE150C2C9D59F70066CCB7 /* UtilsTests.swift in Sources */ = {isa = PBXBuildFile; fileRef = 0EEE150B2C9D59F70066CCB7 /* UtilsTests.swift */; };
		0EF0F8D42C8A067C00AF5966 /* LoginPageView.swift in Sources */ = {isa = PBXBuildFile; fileRef = 0EF0F8D32C8A067C00AF5966 /* LoginPageView.swift */; };
		0EF0F8D72C8AE69300AF5966 /* UserRepositoryImpl.swift in Sources */ = {isa = PBXBuildFile; fileRef = 0EF0F8D62C8AE69300AF5966 /* UserRepositoryImpl.swift */; };
		0EF0F8DA2C90805800AF5966 /* UserCandidateModel.swift in Sources */ = {isa = PBXBuildFile; fileRef = 0EF0F8D92C90805800AF5966 /* UserCandidateModel.swift */; };
		0EF0F8DE2C90863E00AF5966 /* TokenValidityModel.swift in Sources */ = {isa = PBXBuildFile; fileRef = 0EF0F8DD2C90863E00AF5966 /* TokenValidityModel.swift */; };
		0EF0F8F22C91E7FD00AF5966 /* FirebaseAPI.swift in Sources */ = {isa = PBXBuildFile; fileRef = 0EF0F8F12C91E7FD00AF5966 /* FirebaseAPI.swift */; };
		0EF0F8F42C91E8C100AF5966 /* WordpressAPI.swift in Sources */ = {isa = PBXBuildFile; fileRef = 0EF0F8F32C91E8C100AF5966 /* WordpressAPI.swift */; };
		0EF0F8F62C92CEA100AF5966 /* NewsletterRepository.swift in Sources */ = {isa = PBXBuildFile; fileRef = 0EF0F8F52C92CEA100AF5966 /* NewsletterRepository.swift */; };
		0EF0F8F82C92CED700AF5966 /* QvstRepository.swift in Sources */ = {isa = PBXBuildFile; fileRef = 0EF0F8F72C92CED700AF5966 /* QvstRepository.swift */; };
		0EF0F8FA2C92CEFA00AF5966 /* UserRepository.swift in Sources */ = {isa = PBXBuildFile; fileRef = 0EF0F8F92C92CEFA00AF5966 /* UserRepository.swift */; };
		0EF0F8FC2C92CF1800AF5966 /* FeatureRepository.swift in Sources */ = {isa = PBXBuildFile; fileRef = 0EF0F8FB2C92CF1800AF5966 /* FeatureRepository.swift */; };
		0EF0F8FE2C9319EC00AF5966 /* WordpressAPIHttpClient.swift in Sources */ = {isa = PBXBuildFile; fileRef = 0EF0F8FD2C9319EC00AF5966 /* WordpressAPIHttpClient.swift */; };
		0EF0F9002C931EE100AF5966 /* HomePageViewModel.swift in Sources */ = {isa = PBXBuildFile; fileRef = 0EF0F8FF2C931EE100AF5966 /* HomePageViewModel.swift */; };
		0EF0F9022C931F2D00AF5966 /* LoginManager.swift in Sources */ = {isa = PBXBuildFile; fileRef = 0EF0F9012C931F2D00AF5966 /* LoginManager.swift */; };
		0EF0F9042C932F1000AF5966 /* NewsletterEntity.swift in Sources */ = {isa = PBXBuildFile; fileRef = 0EF0F9032C932F1000AF5966 /* NewsletterEntity.swift */; };
		0EF0F9062C93324B00AF5966 /* QvstCampaignEntity.swift in Sources */ = {isa = PBXBuildFile; fileRef = 0EF0F9052C93324B00AF5966 /* QvstCampaignEntity.swift */; };
		0EF0F9092C9431E100AF5966 /* FeatureEntity.swift in Sources */ = {isa = PBXBuildFile; fileRef = 0EF0F9082C9431E100AF5966 /* FeatureEntity.swift */; };
		0EF0F90B2C94350B00AF5966 /* FeatureManager.swift in Sources */ = {isa = PBXBuildFile; fileRef = 0EF0F90A2C94350B00AF5966 /* FeatureManager.swift */; };
		0EF0F90D2C9435CE00AF5966 /* RouterView.swift in Sources */ = {isa = PBXBuildFile; fileRef = 0EF0F90C2C9435CE00AF5966 /* RouterView.swift */; };
		0EF1CA482CFF68A700AF0848 /* UtilsUI.swift in Sources */ = {isa = PBXBuildFile; fileRef = 0EF1CA472CFF68A700AF0848 /* UtilsUI.swift */; };
		0EFC0FEA2CF9D17800F9480D /* DisabledFeaturePlaceHolderView.swift in Sources */ = {isa = PBXBuildFile; fileRef = 0EFC0FE92CF9D17800F9480D /* DisabledFeaturePlaceHolderView.swift */; };
		108150F32CBD167400D57952 /* GoogleService-Info.plist in Resources */ = {isa = PBXBuildFile; fileRef = 108150F22CBD167400D57952 /* GoogleService-Info.plist */; };
		778946922D301C480041D247 /* FirebaseAnalytics in Frameworks */ = {isa = PBXBuildFile; productRef = 778946912D301C480041D247 /* FirebaseAnalytics */; };
		778946942D301C480041D247 /* FirebaseAnalyticsOnDeviceConversion in Frameworks */ = {isa = PBXBuildFile; productRef = 778946932D301C480041D247 /* FirebaseAnalyticsOnDeviceConversion */; };
		778946962D301C480041D247 /* FirebaseAnalyticsSwift in Frameworks */ = {isa = PBXBuildFile; productRef = 778946952D301C480041D247 /* FirebaseAnalyticsSwift */; };
		778946982D301C480041D247 /* FirebaseAnalyticsWithoutAdIdSupport in Frameworks */ = {isa = PBXBuildFile; productRef = 778946972D301C480041D247 /* FirebaseAnalyticsWithoutAdIdSupport */; };
		7789469A2D301C480041D247 /* FirebaseAppCheck in Frameworks */ = {isa = PBXBuildFile; productRef = 778946992D301C480041D247 /* FirebaseAppCheck */; };
		BD83CCBA2C1853ED00152559 /* CampaignsPageView.swift in Sources */ = {isa = PBXBuildFile; fileRef = BD83CCB92C1853ED00152559 /* CampaignsPageView.swift */; };
		BDACECDF2C109309007B5262 /* XpeAppApp.swift in Sources */ = {isa = PBXBuildFile; fileRef = BDACECDE2C109309007B5262 /* XpeAppApp.swift */; };
		BDACECE12C109309007B5262 /* ContentView.swift in Sources */ = {isa = PBXBuildFile; fileRef = BDACECE02C109309007B5262 /* ContentView.swift */; };
		BDACECE52C10930C007B5262 /* Assets.xcassets in Resources */ = {isa = PBXBuildFile; fileRef = BDACECE42C10930C007B5262 /* Assets.xcassets */; };
		BDACECE82C10930C007B5262 /* Preview Assets.xcassets in Resources */ = {isa = PBXBuildFile; fileRef = BDACECE72C10930C007B5262 /* Preview Assets.xcassets */; };
		BDACECF22C10930C007B5262 /* XpeAppTests.swift in Sources */ = {isa = PBXBuildFile; fileRef = BDACECF12C10930C007B5262 /* XpeAppTests.swift */; };
		BDACED0B2C10A690007B5262 /* NewsletterPageView.swift in Sources */ = {isa = PBXBuildFile; fileRef = BDACED0A2C10A690007B5262 /* NewsletterPageView.swift */; };
		BDACED122C10BB78007B5262 /* FirebaseAuth in Frameworks */ = {isa = PBXBuildFile; productRef = BDACED112C10BB78007B5262 /* FirebaseAuth */; };
		BDACED142C10BB78007B5262 /* FirebaseFirestore in Frameworks */ = {isa = PBXBuildFile; productRef = BDACED132C10BB78007B5262 /* FirebaseFirestore */; };
		BDACED162C10BB78007B5262 /* FirebaseMessaging in Frameworks */ = {isa = PBXBuildFile; productRef = BDACED152C10BB78007B5262 /* FirebaseMessaging */; };
		BDE1B5162C183AE200E8513F /* DebugPageView.swift in Sources */ = {isa = PBXBuildFile; fileRef = BDE1B5152C183AE200E8513F /* DebugPageView.swift */; };
		D7056B922D366D8600D7D8CA /* UserPasswordEditReturnEnum.swift in Sources */ = {isa = PBXBuildFile; fileRef = D7056B912D366D7A00D7D8CA /* UserPasswordEditReturnEnum.swift */; };
		D7056B972D367BD000D7D8CA /* ProfileEditPasswordView.swift in Sources */ = {isa = PBXBuildFile; fileRef = D7056B962D367BD000D7D8CA /* ProfileEditPasswordView.swift */; };
		D7056B992D367C9F00D7D8CA /* ProfileUserInfosView.swift in Sources */ = {isa = PBXBuildFile; fileRef = D7056B982D367C9F00D7D8CA /* ProfileUserInfosView.swift */; };
		D70CC9EC2D355D63005B8916 /* UserPasswordEditResponseModel.swift in Sources */ = {isa = PBXBuildFile; fileRef = D70CC9EB2D355D5B005B8916 /* UserPasswordEditResponseModel.swift */; };
		D70CC9EE2D35620A005B8916 /* UserPasswordEditModel.swift in Sources */ = {isa = PBXBuildFile; fileRef = D70CC9ED2D3561FE005B8916 /* UserPasswordEditModel.swift */; };
		D72C13342D2D3E0D002F6A14 /* UserInfosModel.swift in Sources */ = {isa = PBXBuildFile; fileRef = D72C13332D2D3E03002F6A14 /* UserInfosModel.swift */; };
		D72C13362D2D3F0D002F6A14 /* UserInfosEntity.swift in Sources */ = {isa = PBXBuildFile; fileRef = D72C13352D2D3F07002F6A14 /* UserInfosEntity.swift */; };
		D72C133C2D2D7ACF002F6A14 /* ProfilePageView.swift in Sources */ = {isa = PBXBuildFile; fileRef = D72C133B2D2D7AC5002F6A14 /* ProfilePageView.swift */; };
		D72C13442D2EF74F002F6A14 /* UserInfosPageViewModel.swift in Sources */ = {isa = PBXBuildFile; fileRef = D72C13432D2EF748002F6A14 /* UserInfosPageViewModel.swift */; };
		D7504B752D49303C0072E9C3 /* AboutView.swift in Sources */ = {isa = PBXBuildFile; fileRef = D7504B742D49303C0072E9C3 /* AboutView.swift */; };
		D78652562D4A355E0023DFAA /* ConstantsMenuItem.swift in Sources */ = {isa = PBXBuildFile; fileRef = D78652552D4A35510023DFAA /* ConstantsMenuItem.swift */; };
		D7C9A5462D2C138000D9E763 /* SidebarItemProfileView.swift in Sources */ = {isa = PBXBuildFile; fileRef = D7C9A5452D2C138000D9E763 /* SidebarItemProfileView.swift */; };
/* End PBXBuildFile section */

/* Begin PBXContainerItemProxy section */
		BDACECEE2C10930C007B5262 /* PBXContainerItemProxy */ = {
			isa = PBXContainerItemProxy;
			containerPortal = BDACECD32C109309007B5262 /* Project object */;
			proxyType = 1;
			remoteGlobalIDString = BDACECDA2C109309007B5262;
			remoteInfo = XpeApp;
		};
/* End PBXContainerItemProxy section */

/* Begin PBXFileReference section */
		0E0A7FE72CBFF9C500BFFCDB /* Entitlements.plist */ = {isa = PBXFileReference; lastKnownFileType = text.plist.xml; path = Entitlements.plist; sourceTree = "<group>"; };
		0E0A7FE92CBFFA4100BFFCDB /* XpeApp.entitlements */ = {isa = PBXFileReference; lastKnownFileType = text.plist.entitlements; path = XpeApp.entitlements; sourceTree = "<group>"; };
		0E155E642C64F97100649EBC /* LaunchScreen.storyboard */ = {isa = PBXFileReference; lastKnownFileType = file.storyboard; path = LaunchScreen.storyboard; sourceTree = "<group>"; };
		0E260DBC2CD8D79E00F8EF0C /* NoContentPlaceHolderView.swift */ = {isa = PBXFileReference; lastKnownFileType = sourcecode.swift; path = NoContentPlaceHolderView.swift; sourceTree = "<group>"; };
		0E260DBE2CD90DAA00F8EF0C /* ListFilterView.swift */ = {isa = PBXFileReference; lastKnownFileType = sourcecode.swift; path = ListFilterView.swift; sourceTree = "<group>"; };
		0E260DC02CD92CEA00F8EF0C /* ListFilterTitleView.swift */ = {isa = PBXFileReference; lastKnownFileType = sourcecode.swift; path = ListFilterTitleView.swift; sourceTree = "<group>"; };
		0E260DC22CDA245000F8EF0C /* PageTitleView.swift */ = {isa = PBXFileReference; lastKnownFileType = sourcecode.swift; path = PageTitleView.swift; sourceTree = "<group>"; };
		0E5C6EF92C69EDD100AA2127 /* TitleView.swift */ = {isa = PBXFileReference; lastKnownFileType = sourcecode.swift; path = TitleView.swift; sourceTree = "<group>"; };
		0E5C6EFB2C6A1A4500AA2127 /* HomePageView.swift */ = {isa = PBXFileReference; lastKnownFileType = sourcecode.swift; path = HomePageView.swift; sourceTree = "<group>"; };
		0E61D2AE2C78A0AC00050F7C /* QvstThemeModel.swift */ = {isa = PBXFileReference; lastKnownFileType = sourcecode.swift; path = QvstThemeModel.swift; sourceTree = "<group>"; };
		0E61D2B02C78A0C600050F7C /* QvstCampaignModel.swift */ = {isa = PBXFileReference; lastKnownFileType = sourcecode.swift; path = QvstCampaignModel.swift; sourceTree = "<group>"; };
		0E61D2B62C78A1EA00050F7C /* NewsletterRepositoryImpl.swift */ = {isa = PBXFileReference; lastKnownFileType = sourcecode.swift; path = NewsletterRepositoryImpl.swift; sourceTree = "<group>"; };
		0E61D2B82C78A20F00050F7C /* NewsletterModel.swift */ = {isa = PBXFileReference; lastKnownFileType = sourcecode.swift; path = NewsletterModel.swift; sourceTree = "<group>"; };
		0E61D2BD2C78A47300050F7C /* Utils.swift */ = {isa = PBXFileReference; lastKnownFileType = sourcecode.swift; path = Utils.swift; sourceTree = "<group>"; };
		0E61D2BF2C78A4DA00050F7C /* QvstQuestionModel.swift */ = {isa = PBXFileReference; lastKnownFileType = sourcecode.swift; path = QvstQuestionModel.swift; sourceTree = "<group>"; };
		0E61D2C12C78A4E300050F7C /* QvstAnswerModel.swift */ = {isa = PBXFileReference; lastKnownFileType = sourcecode.swift; path = QvstAnswerModel.swift; sourceTree = "<group>"; };
		0E61D2C32C78A4F200050F7C /* QvstProgressModel.swift */ = {isa = PBXFileReference; lastKnownFileType = sourcecode.swift; path = QvstProgressModel.swift; sourceTree = "<group>"; };
		0E61D2C52C78A53100050F7C /* QvstFormResponseModel.swift */ = {isa = PBXFileReference; lastKnownFileType = sourcecode.swift; path = QvstFormResponseModel.swift; sourceTree = "<group>"; };
		0E61D2C72C78A55400050F7C /* QvstRepositoryImpl.swift */ = {isa = PBXFileReference; lastKnownFileType = sourcecode.swift; path = QvstRepositoryImpl.swift; sourceTree = "<group>"; };
		0E61D2CA2C78D47700050F7C /* Config.swift */ = {isa = PBXFileReference; lastKnownFileType = sourcecode.swift; path = Config.swift; sourceTree = "<group>"; };
		0E61D2CC2C78DC0B00050F7C /* XpeApp.xctestplan */ = {isa = PBXFileReference; lastKnownFileType = text; path = XpeApp.xctestplan; sourceTree = "<group>"; };
		0E62779F2C943FAF00F26E55 /* LastNewsletterPreviewView.swift */ = {isa = PBXFileReference; lastKnownFileType = sourcecode.swift; path = LastNewsletterPreviewView.swift; sourceTree = "<group>"; };
		0E6277A12C943FC600F26E55 /* CampaignCardView.swift */ = {isa = PBXFileReference; lastKnownFileType = sourcecode.swift; path = CampaignCardView.swift; sourceTree = "<group>"; };
		0E6277A32C94462100F26E55 /* CampaignsListView.swift */ = {isa = PBXFileReference; lastKnownFileType = sourcecode.swift; path = CampaignsListView.swift; sourceTree = "<group>"; };
		0E6277A62C9484D900F26E55 /* NewsletterPageViewModel.swift */ = {isa = PBXFileReference; lastKnownFileType = sourcecode.swift; path = NewsletterPageViewModel.swift; sourceTree = "<group>"; };
		0E6277A92C94897100F26E55 /* NewsletterCardView.swift */ = {isa = PBXFileReference; lastKnownFileType = sourcecode.swift; path = NewsletterCardView.swift; sourceTree = "<group>"; };
		0E6277AC2C94907500F26E55 /* CampaignsPageViewModel.swift */ = {isa = PBXFileReference; lastKnownFileType = sourcecode.swift; path = CampaignsPageViewModel.swift; sourceTree = "<group>"; };
		0E6277B02C98290C00F26E55 /* CampaignFormViewModel.swift */ = {isa = PBXFileReference; lastKnownFileType = sourcecode.swift; path = CampaignFormViewModel.swift; sourceTree = "<group>"; };
		0E6277B42C98829200F26E55 /* UserEntity.swift */ = {isa = PBXFileReference; lastKnownFileType = sourcecode.swift; path = UserEntity.swift; sourceTree = "<group>"; };
		0E6277B62C98850200F26E55 /* TokenResponseModel.swift */ = {isa = PBXFileReference; lastKnownFileType = sourcecode.swift; path = TokenResponseModel.swift; sourceTree = "<group>"; };
		0E6277BA2C9988AE00F26E55 /* KeychainManager.swift */ = {isa = PBXFileReference; lastKnownFileType = sourcecode.swift; path = KeychainManager.swift; sourceTree = "<group>"; };
		0E6277BC2C9ADB5500F26E55 /* NewslettersListView.swift */ = {isa = PBXFileReference; lastKnownFileType = sourcecode.swift; path = NewslettersListView.swift; sourceTree = "<group>"; };
		0E67FA202C74943C00B34AE9 /* ToastManager.swift */ = {isa = PBXFileReference; lastKnownFileType = sourcecode.swift; path = ToastManager.swift; sourceTree = "<group>"; };
		0E6ACF7B2C870FC700735E1E /* FeatureModel.swift */ = {isa = PBXFileReference; lastKnownFileType = sourcecode.swift; path = FeatureModel.swift; sourceTree = "<group>"; };
		0E6ACF7F2C8710B100735E1E /* FeatureRepositoryImpl.swift */ = {isa = PBXFileReference; lastKnownFileType = sourcecode.swift; path = FeatureRepositoryImpl.swift; sourceTree = "<group>"; };
		0E6ACF812C8727E900735E1E /* NewsletterRepositoryTests.swift */ = {isa = PBXFileReference; lastKnownFileType = sourcecode.swift; path = NewsletterRepositoryTests.swift; sourceTree = "<group>"; };
		0E6ACF832C87285500735E1E /* FeatureRepositoryTests.swift */ = {isa = PBXFileReference; lastKnownFileType = sourcecode.swift; path = FeatureRepositoryTests.swift; sourceTree = "<group>"; };
		0E72BA5F2C75DCE400C0583D /* QvstRepositoryTests.swift */ = {isa = PBXFileReference; lastKnownFileType = sourcecode.swift; path = QvstRepositoryTests.swift; sourceTree = "<group>"; };
		0E72BA612C771FC100C0583D /* RouterManager.swift */ = {isa = PBXFileReference; lastKnownFileType = sourcecode.swift; path = RouterManager.swift; sourceTree = "<group>"; };
		0E7C7CA32C9B084800660E75 /* SidebarItemView.swift */ = {isa = PBXFileReference; lastKnownFileType = sourcecode.swift; path = SidebarItemView.swift; sourceTree = "<group>"; };
		0E7C7CA82C9B20DE00660E75 /* MockFirebaseAPI.swift */ = {isa = PBXFileReference; lastKnownFileType = sourcecode.swift; path = MockFirebaseAPI.swift; sourceTree = "<group>"; };
		0E7C7CAA2C9B2C6A00660E75 /* MockWordpressAPI.swift */ = {isa = PBXFileReference; lastKnownFileType = sourcecode.swift; path = MockWordpressAPI.swift; sourceTree = "<group>"; };
		0E7EBD5D2C6CFF8700C95482 /* CampaignFormView.swift */ = {isa = PBXFileReference; lastKnownFileType = sourcecode.swift; path = CampaignFormView.swift; sourceTree = "<group>"; };
		0E87AC2E2C660DBB0079877D /* HeaderView.swift */ = {isa = PBXFileReference; lastKnownFileType = sourcecode.swift; path = HeaderView.swift; sourceTree = "<group>"; };
		0E87AC322C660DDF0079877D /* SidebarView.swift */ = {isa = PBXFileReference; lastKnownFileType = sourcecode.swift; path = SidebarView.swift; sourceTree = "<group>"; };
		0EEE15032C9C56A70066CCB7 /* UserRepositoryTests.swift */ = {isa = PBXFileReference; lastKnownFileType = sourcecode.swift; path = UserRepositoryTests.swift; sourceTree = "<group>"; };
		0EEE15072C9D56790066CCB7 /* FeatureModelEntityTests.swift */ = {isa = PBXFileReference; lastKnownFileType = sourcecode.swift; path = FeatureModelEntityTests.swift; sourceTree = "<group>"; };
		0EEE15092C9D58130066CCB7 /* NewsletterModelEntityTests.swift */ = {isa = PBXFileReference; lastKnownFileType = sourcecode.swift; path = NewsletterModelEntityTests.swift; sourceTree = "<group>"; };
		0EEE150B2C9D59F70066CCB7 /* UtilsTests.swift */ = {isa = PBXFileReference; lastKnownFileType = sourcecode.swift; path = UtilsTests.swift; sourceTree = "<group>"; };
		0EF0F8D32C8A067C00AF5966 /* LoginPageView.swift */ = {isa = PBXFileReference; lastKnownFileType = sourcecode.swift; path = LoginPageView.swift; sourceTree = "<group>"; };
		0EF0F8D62C8AE69300AF5966 /* UserRepositoryImpl.swift */ = {isa = PBXFileReference; lastKnownFileType = sourcecode.swift; path = UserRepositoryImpl.swift; sourceTree = "<group>"; };
		0EF0F8D92C90805800AF5966 /* UserCandidateModel.swift */ = {isa = PBXFileReference; lastKnownFileType = sourcecode.swift; path = UserCandidateModel.swift; sourceTree = "<group>"; };
		0EF0F8DD2C90863E00AF5966 /* TokenValidityModel.swift */ = {isa = PBXFileReference; lastKnownFileType = sourcecode.swift; path = TokenValidityModel.swift; sourceTree = "<group>"; };
		0EF0F8F12C91E7FD00AF5966 /* FirebaseAPI.swift */ = {isa = PBXFileReference; lastKnownFileType = sourcecode.swift; path = FirebaseAPI.swift; sourceTree = "<group>"; };
		0EF0F8F32C91E8C100AF5966 /* WordpressAPI.swift */ = {isa = PBXFileReference; lastKnownFileType = sourcecode.swift; path = WordpressAPI.swift; sourceTree = "<group>"; };
		0EF0F8F52C92CEA100AF5966 /* NewsletterRepository.swift */ = {isa = PBXFileReference; lastKnownFileType = sourcecode.swift; path = NewsletterRepository.swift; sourceTree = "<group>"; };
		0EF0F8F72C92CED700AF5966 /* QvstRepository.swift */ = {isa = PBXFileReference; lastKnownFileType = sourcecode.swift; path = QvstRepository.swift; sourceTree = "<group>"; };
		0EF0F8F92C92CEFA00AF5966 /* UserRepository.swift */ = {isa = PBXFileReference; lastKnownFileType = sourcecode.swift; path = UserRepository.swift; sourceTree = "<group>"; };
		0EF0F8FB2C92CF1800AF5966 /* FeatureRepository.swift */ = {isa = PBXFileReference; lastKnownFileType = sourcecode.swift; path = FeatureRepository.swift; sourceTree = "<group>"; };
		0EF0F8FD2C9319EC00AF5966 /* WordpressAPIHttpClient.swift */ = {isa = PBXFileReference; lastKnownFileType = sourcecode.swift; path = WordpressAPIHttpClient.swift; sourceTree = "<group>"; };
		0EF0F8FF2C931EE100AF5966 /* HomePageViewModel.swift */ = {isa = PBXFileReference; lastKnownFileType = sourcecode.swift; path = HomePageViewModel.swift; sourceTree = "<group>"; };
		0EF0F9012C931F2D00AF5966 /* LoginManager.swift */ = {isa = PBXFileReference; lastKnownFileType = sourcecode.swift; path = LoginManager.swift; sourceTree = "<group>"; };
		0EF0F9032C932F1000AF5966 /* NewsletterEntity.swift */ = {isa = PBXFileReference; lastKnownFileType = sourcecode.swift; path = NewsletterEntity.swift; sourceTree = "<group>"; };
		0EF0F9052C93324B00AF5966 /* QvstCampaignEntity.swift */ = {isa = PBXFileReference; lastKnownFileType = sourcecode.swift; path = QvstCampaignEntity.swift; sourceTree = "<group>"; };
		0EF0F9082C9431E100AF5966 /* FeatureEntity.swift */ = {isa = PBXFileReference; lastKnownFileType = sourcecode.swift; path = FeatureEntity.swift; sourceTree = "<group>"; };
		0EF0F90A2C94350B00AF5966 /* FeatureManager.swift */ = {isa = PBXFileReference; lastKnownFileType = sourcecode.swift; path = FeatureManager.swift; sourceTree = "<group>"; };
		0EF0F90C2C9435CE00AF5966 /* RouterView.swift */ = {isa = PBXFileReference; lastKnownFileType = sourcecode.swift; path = RouterView.swift; sourceTree = "<group>"; };
		0EF1CA472CFF68A700AF0848 /* UtilsUI.swift */ = {isa = PBXFileReference; lastKnownFileType = sourcecode.swift; path = UtilsUI.swift; sourceTree = "<group>"; };
		0EFC0FE92CF9D17800F9480D /* DisabledFeaturePlaceHolderView.swift */ = {isa = PBXFileReference; lastKnownFileType = sourcecode.swift; path = DisabledFeaturePlaceHolderView.swift; sourceTree = "<group>"; };
		108150F22CBD167400D57952 /* GoogleService-Info.plist */ = {isa = PBXFileReference; fileEncoding = 4; lastKnownFileType = text.plist.xml; path = "GoogleService-Info.plist"; sourceTree = "<group>"; };
		BD83CCB92C1853ED00152559 /* CampaignsPageView.swift */ = {isa = PBXFileReference; lastKnownFileType = sourcecode.swift; path = CampaignsPageView.swift; sourceTree = "<group>"; };
		BDACECDB2C109309007B5262 /* XpeApp.app */ = {isa = PBXFileReference; explicitFileType = wrapper.application; includeInIndex = 0; path = XpeApp.app; sourceTree = BUILT_PRODUCTS_DIR; };
		BDACECDE2C109309007B5262 /* XpeAppApp.swift */ = {isa = PBXFileReference; lastKnownFileType = sourcecode.swift; path = XpeAppApp.swift; sourceTree = "<group>"; };
		BDACECE02C109309007B5262 /* ContentView.swift */ = {isa = PBXFileReference; lastKnownFileType = sourcecode.swift; path = ContentView.swift; sourceTree = "<group>"; };
		BDACECE42C10930C007B5262 /* Assets.xcassets */ = {isa = PBXFileReference; lastKnownFileType = folder.assetcatalog; path = Assets.xcassets; sourceTree = "<group>"; };
		BDACECE72C10930C007B5262 /* Preview Assets.xcassets */ = {isa = PBXFileReference; lastKnownFileType = folder.assetcatalog; path = "Preview Assets.xcassets"; sourceTree = "<group>"; };
		BDACECED2C10930C007B5262 /* XpeAppTests.xctest */ = {isa = PBXFileReference; explicitFileType = wrapper.cfbundle; includeInIndex = 0; path = XpeAppTests.xctest; sourceTree = BUILT_PRODUCTS_DIR; };
		BDACECF12C10930C007B5262 /* XpeAppTests.swift */ = {isa = PBXFileReference; lastKnownFileType = sourcecode.swift; path = XpeAppTests.swift; sourceTree = "<group>"; };
		BDACED0A2C10A690007B5262 /* NewsletterPageView.swift */ = {isa = PBXFileReference; lastKnownFileType = sourcecode.swift; path = NewsletterPageView.swift; sourceTree = "<group>"; };
		BDC8A4242C18765A00D14C35 /* Info.plist */ = {isa = PBXFileReference; lastKnownFileType = text.plist; path = Info.plist; sourceTree = "<group>"; };
		BDE1B5152C183AE200E8513F /* DebugPageView.swift */ = {isa = PBXFileReference; lastKnownFileType = sourcecode.swift; path = DebugPageView.swift; sourceTree = "<group>"; };
		D7056B912D366D7A00D7D8CA /* UserPasswordEditReturnEnum.swift */ = {isa = PBXFileReference; lastKnownFileType = sourcecode.swift; path = UserPasswordEditReturnEnum.swift; sourceTree = "<group>"; };
		D7056B962D367BD000D7D8CA /* ProfileEditPasswordView.swift */ = {isa = PBXFileReference; lastKnownFileType = sourcecode.swift; path = ProfileEditPasswordView.swift; sourceTree = "<group>"; };
		D7056B982D367C9F00D7D8CA /* ProfileUserInfosView.swift */ = {isa = PBXFileReference; lastKnownFileType = sourcecode.swift; path = ProfileUserInfosView.swift; sourceTree = "<group>"; };
		D70CC9EB2D355D5B005B8916 /* UserPasswordEditResponseModel.swift */ = {isa = PBXFileReference; lastKnownFileType = sourcecode.swift; path = UserPasswordEditResponseModel.swift; sourceTree = "<group>"; };
		D70CC9ED2D3561FE005B8916 /* UserPasswordEditModel.swift */ = {isa = PBXFileReference; lastKnownFileType = sourcecode.swift; path = UserPasswordEditModel.swift; sourceTree = "<group>"; };
		D72C13332D2D3E03002F6A14 /* UserInfosModel.swift */ = {isa = PBXFileReference; lastKnownFileType = sourcecode.swift; path = UserInfosModel.swift; sourceTree = "<group>"; };
		D72C13352D2D3F07002F6A14 /* UserInfosEntity.swift */ = {isa = PBXFileReference; lastKnownFileType = sourcecode.swift; path = UserInfosEntity.swift; sourceTree = "<group>"; };
		D72C133B2D2D7AC5002F6A14 /* ProfilePageView.swift */ = {isa = PBXFileReference; lastKnownFileType = sourcecode.swift; path = ProfilePageView.swift; sourceTree = "<group>"; };
		D72C13432D2EF748002F6A14 /* UserInfosPageViewModel.swift */ = {isa = PBXFileReference; lastKnownFileType = sourcecode.swift; path = UserInfosPageViewModel.swift; sourceTree = "<group>"; };
		D7504B742D49303C0072E9C3 /* AboutView.swift */ = {isa = PBXFileReference; lastKnownFileType = sourcecode.swift; path = AboutView.swift; sourceTree = "<group>"; };
		D78652552D4A35510023DFAA /* ConstantsMenuItem.swift */ = {isa = PBXFileReference; lastKnownFileType = sourcecode.swift; path = ConstantsMenuItem.swift; sourceTree = "<group>"; };
		D7C9A5452D2C138000D9E763 /* SidebarItemProfileView.swift */ = {isa = PBXFileReference; lastKnownFileType = sourcecode.swift; path = SidebarItemProfileView.swift; sourceTree = "<group>"; };
/* End PBXFileReference section */

/* Begin PBXFrameworksBuildPhase section */
		BDACECD82C109309007B5262 /* Frameworks */ = {
			isa = PBXFrameworksBuildPhase;
			buildActionMask = 2147483647;
			files = (
				BDACED162C10BB78007B5262 /* FirebaseMessaging in Frameworks */,
				0EB50D232CDB676F004E8C24 /* xpeho_ui in Frameworks */,
				0E1153C32D5F8273003DF133 /* xpeho_ui in Frameworks */,
				778946922D301C480041D247 /* FirebaseAnalytics in Frameworks */,
				BDACED122C10BB78007B5262 /* FirebaseAuth in Frameworks */,
				7789469A2D301C480041D247 /* FirebaseAppCheck in Frameworks */,
				0E1153C02D5F443F003DF133 /* xpeho_ui in Frameworks */,
				778946982D301C480041D247 /* FirebaseAnalyticsWithoutAdIdSupport in Frameworks */,
				778946962D301C480041D247 /* FirebaseAnalyticsSwift in Frameworks */,
				778946942D301C480041D247 /* FirebaseAnalyticsOnDeviceConversion in Frameworks */,
				BDACED142C10BB78007B5262 /* FirebaseFirestore in Frameworks */,
				0E7E8C042CF490CE00D348EC /* FirebaseStorage in Frameworks */,
				0E7E8C072CF5D4AF00D348EC /* xpeho_ui in Frameworks */,
			);
			runOnlyForDeploymentPostprocessing = 0;
		};
		BDACECEA2C10930C007B5262 /* Frameworks */ = {
			isa = PBXFrameworksBuildPhase;
			buildActionMask = 2147483647;
			files = (
			);
			runOnlyForDeploymentPostprocessing = 0;
		};
/* End PBXFrameworksBuildPhase section */

/* Begin PBXGroup section */
		0E61D2B32C78A14300050F7C /* Layout */ = {
			isa = PBXGroup;
			children = (
				D7504B732D49302C0072E9C3 /* About */,
				0E7C7CA22C9B082E00660E75 /* Sidebar */,
				0E87AC2E2C660DBB0079877D /* HeaderView.swift */,
				0E5C6EF92C69EDD100AA2127 /* TitleView.swift */,
				0E260DBC2CD8D79E00F8EF0C /* NoContentPlaceHolderView.swift */,
				0E260DBE2CD90DAA00F8EF0C /* ListFilterView.swift */,
				0E260DC02CD92CEA00F8EF0C /* ListFilterTitleView.swift */,
				0E260DC22CDA245000F8EF0C /* PageTitleView.swift */,
				0EFC0FE92CF9D17800F9480D /* DisabledFeaturePlaceHolderView.swift */,
			);
			path = Layout;
			sourceTree = "<group>";
		};
		0E62779E2C943F9600F26E55 /* Home */ = {
			isa = PBXGroup;
			children = (
				0E5C6EFB2C6A1A4500AA2127 /* HomePageView.swift */,
				0E62779F2C943FAF00F26E55 /* LastNewsletterPreviewView.swift */,
			);
			path = Home;
			sourceTree = "<group>";
		};
		0E6277A52C94813400F26E55 /* Shared */ = {
			isa = PBXGroup;
			children = (
				0EF0F9012C931F2D00AF5966 /* LoginManager.swift */,
				0E72BA612C771FC100C0583D /* RouterManager.swift */,
				0EF0F90A2C94350B00AF5966 /* FeatureManager.swift */,
				0EF0F90C2C9435CE00AF5966 /* RouterView.swift */,
				0E67FA202C74943C00B34AE9 /* ToastManager.swift */,
				0EF1CA472CFF68A700AF0848 /* UtilsUI.swift */,
			);
			path = Shared;
			sourceTree = "<group>";
		};
		0E6277A82C94894900F26E55 /* Newsletter */ = {
			isa = PBXGroup;
			children = (
				BDACED0A2C10A690007B5262 /* NewsletterPageView.swift */,
				0E6277BC2C9ADB5500F26E55 /* NewslettersListView.swift */,
				0E6277A92C94897100F26E55 /* NewsletterCardView.swift */,
			);
			path = Newsletter;
			sourceTree = "<group>";
		};
		0E6277AB2C94900700F26E55 /* Qvst */ = {
			isa = PBXGroup;
			children = (
				BD83CCB92C1853ED00152559 /* CampaignsPageView.swift */,
				0E7EBD5D2C6CFF8700C95482 /* CampaignFormView.swift */,
				0E6277A32C94462100F26E55 /* CampaignsListView.swift */,
				0E6277A12C943FC600F26E55 /* CampaignCardView.swift */,
			);
			path = Qvst;
			sourceTree = "<group>";
		};
		0E7032982C6B5B3100850ED5 /* Frameworks */ = {
			isa = PBXGroup;
			children = (
			);
			name = Frameworks;
			sourceTree = "<group>";
		};
		0E7C7CA22C9B082E00660E75 /* Sidebar */ = {
			isa = PBXGroup;
			children = (
				D78652552D4A35510023DFAA /* ConstantsMenuItem.swift */,
				0E87AC322C660DDF0079877D /* SidebarView.swift */,
				0E7C7CA32C9B084800660E75 /* SidebarItemView.swift */,
				D7C9A5452D2C138000D9E763 /* SidebarItemProfileView.swift */,
			);
			path = Sidebar;
			sourceTree = "<group>";
		};
		0E7C7CA72C9B20A900660E75 /* Mocks */ = {
			isa = PBXGroup;
			children = (
				0E7C7CA82C9B20DE00660E75 /* MockFirebaseAPI.swift */,
				0E7C7CAA2C9B2C6A00660E75 /* MockWordpressAPI.swift */,
			);
			path = Mocks;
			sourceTree = "<group>";
		};
		0EEE14FF2C9C55BF0066CCB7 /* Repository */ = {
			isa = PBXGroup;
			children = (
				0E72BA5F2C75DCE400C0583D /* QvstRepositoryTests.swift */,
				0E6ACF812C8727E900735E1E /* NewsletterRepositoryTests.swift */,
				0E6ACF832C87285500735E1E /* FeatureRepositoryTests.swift */,
				0EEE15032C9C56A70066CCB7 /* UserRepositoryTests.swift */,
			);
			path = Repository;
			sourceTree = "<group>";
		};
		0EEE15052C9C6ACD0066CCB7 /* Mocks */ = {
			isa = PBXGroup;
			children = (
			);
			path = Mocks;
			sourceTree = "<group>";
		};
		0EEE15062C9D56640066CCB7 /* ModelEntity */ = {
			isa = PBXGroup;
			children = (
				0EEE15072C9D56790066CCB7 /* FeatureModelEntityTests.swift */,
				0EEE15092C9D58130066CCB7 /* NewsletterModelEntityTests.swift */,
			);
			path = ModelEntity;
			sourceTree = "<group>";
		};
		0EF0F8E12C91E13500AF5966 /* Data */ = {
			isa = PBXGroup;
			children = (
				0EF0F8E42C91E15B00AF5966 /* Model */,
				0EF0F8E52C91E16400AF5966 /* Repository */,
				0EF0F8E62C91E17300AF5966 /* DataSource */,
			);
			path = Data;
			sourceTree = "<group>";
		};
		0EF0F8E22C91E13E00AF5966 /* Domain */ = {
			isa = PBXGroup;
			children = (
				0EF0F8E72C91E19700AF5966 /* Entity */,
				0EF0F8E82C91E19D00AF5966 /* Repository */,
			);
			path = Domain;
			sourceTree = "<group>";
		};
		0EF0F8E32C91E14900AF5966 /* Presentation */ = {
			isa = PBXGroup;
			children = (
				0E6277A52C94813400F26E55 /* Shared */,
				0EF0F8EA2C91E1C300AF5966 /* ViewModel */,
				0EF0F8E92C91E1BE00AF5966 /* View */,
			);
			path = Presentation;
			sourceTree = "<group>";
		};
		0EF0F8E42C91E15B00AF5966 /* Model */ = {
			isa = PBXGroup;
			children = (
				D72C13322D2D3DF9002F6A14 /* User-Infos */,
				0EF0F8EC2C91E31400AF5966 /* Qvst */,
				0E61D2B82C78A20F00050F7C /* NewsletterModel.swift */,
				0E6ACF7B2C870FC700735E1E /* FeatureModel.swift */,
				0EF0F8EB2C91E26500AF5966 /* Login */,
			);
			path = Model;
			sourceTree = "<group>";
		};
		0EF0F8E52C91E16400AF5966 /* Repository */ = {
			isa = PBXGroup;
			children = (
				0EEE15052C9C6ACD0066CCB7 /* Mocks */,
				0EF0F8D62C8AE69300AF5966 /* UserRepositoryImpl.swift */,
				0E61D2B62C78A1EA00050F7C /* NewsletterRepositoryImpl.swift */,
				0E61D2C72C78A55400050F7C /* QvstRepositoryImpl.swift */,
				0E6ACF7F2C8710B100735E1E /* FeatureRepositoryImpl.swift */,
			);
			path = Repository;
			sourceTree = "<group>";
		};
		0EF0F8E62C91E17300AF5966 /* DataSource */ = {
			isa = PBXGroup;
			children = (
				0E7C7CA72C9B20A900660E75 /* Mocks */,
				0EF0F8F12C91E7FD00AF5966 /* FirebaseAPI.swift */,
				0EF0F8F32C91E8C100AF5966 /* WordpressAPI.swift */,
				0EF0F8FD2C9319EC00AF5966 /* WordpressAPIHttpClient.swift */,
				0E6277BA2C9988AE00F26E55 /* KeychainManager.swift */,
			);
			path = DataSource;
			sourceTree = "<group>";
		};
		0EF0F8E72C91E19700AF5966 /* Entity */ = {
			isa = PBXGroup;
			children = (
				D72C13352D2D3F07002F6A14 /* UserInfosEntity.swift */,
				0EF0F9032C932F1000AF5966 /* NewsletterEntity.swift */,
				0EF0F9052C93324B00AF5966 /* QvstCampaignEntity.swift */,
				0EF0F9082C9431E100AF5966 /* FeatureEntity.swift */,
				0E6277B42C98829200F26E55 /* UserEntity.swift */,
			);
			path = Entity;
			sourceTree = "<group>";
		};
		0EF0F8E82C91E19D00AF5966 /* Repository */ = {
			isa = PBXGroup;
			children = (
				0EF0F8F52C92CEA100AF5966 /* NewsletterRepository.swift */,
				0EF0F8F72C92CED700AF5966 /* QvstRepository.swift */,
				0EF0F8F92C92CEFA00AF5966 /* UserRepository.swift */,
				0EF0F8FB2C92CF1800AF5966 /* FeatureRepository.swift */,
			);
			path = Repository;
			sourceTree = "<group>";
		};
		0EF0F8E92C91E1BE00AF5966 /* View */ = {
			isa = PBXGroup;
			children = (
				D7056B932D367B9500D7D8CA /* Profile */,
				0E6277AB2C94900700F26E55 /* Qvst */,
				0E6277A82C94894900F26E55 /* Newsletter */,
				0E62779E2C943F9600F26E55 /* Home */,
				BDE1B5152C183AE200E8513F /* DebugPageView.swift */,
				0EF0F8D32C8A067C00AF5966 /* LoginPageView.swift */,
				0E61D2B32C78A14300050F7C /* Layout */,
			);
			path = View;
			sourceTree = "<group>";
		};
		0EF0F8EA2C91E1C300AF5966 /* ViewModel */ = {
			isa = PBXGroup;
			children = (
				D72C13432D2EF748002F6A14 /* UserInfosPageViewModel.swift */,
				0EF0F8FF2C931EE100AF5966 /* HomePageViewModel.swift */,
				0E6277A62C9484D900F26E55 /* NewsletterPageViewModel.swift */,
				0E6277AC2C94907500F26E55 /* CampaignsPageViewModel.swift */,
				0E6277B02C98290C00F26E55 /* CampaignFormViewModel.swift */,
			);
			path = ViewModel;
			sourceTree = "<group>";
		};
		0EF0F8EB2C91E26500AF5966 /* Login */ = {
			isa = PBXGroup;
			children = (
				D7056B912D366D7A00D7D8CA /* UserPasswordEditReturnEnum.swift */,
				D70CC9ED2D3561FE005B8916 /* UserPasswordEditModel.swift */,
				D70CC9EB2D355D5B005B8916 /* UserPasswordEditResponseModel.swift */,
				0EF0F8D92C90805800AF5966 /* UserCandidateModel.swift */,
				0E6277B62C98850200F26E55 /* TokenResponseModel.swift */,
				0EF0F8DD2C90863E00AF5966 /* TokenValidityModel.swift */,
			);
			path = Login;
			sourceTree = "<group>";
		};
		0EF0F8EC2C91E31400AF5966 /* Qvst */ = {
			isa = PBXGroup;
			children = (
				0E61D2B02C78A0C600050F7C /* QvstCampaignModel.swift */,
				0E61D2AE2C78A0AC00050F7C /* QvstThemeModel.swift */,
				0E61D2C32C78A4F200050F7C /* QvstProgressModel.swift */,
				0E61D2BF2C78A4DA00050F7C /* QvstQuestionModel.swift */,
				0E61D2C12C78A4E300050F7C /* QvstAnswerModel.swift */,
				0E61D2C52C78A53100050F7C /* QvstFormResponseModel.swift */,
			);
			path = Qvst;
			sourceTree = "<group>";
		};
		BDACECD22C109309007B5262 = {
			isa = PBXGroup;
			children = (
				0E61D2CC2C78DC0B00050F7C /* XpeApp.xctestplan */,
				BDACECDD2C109309007B5262 /* XpeApp */,
				BDACECF02C10930C007B5262 /* XpeAppTests */,
				BDACECDC2C109309007B5262 /* Products */,
				0E7032982C6B5B3100850ED5 /* Frameworks */,
			);
			sourceTree = "<group>";
		};
		BDACECDC2C109309007B5262 /* Products */ = {
			isa = PBXGroup;
			children = (
				BDACECDB2C109309007B5262 /* XpeApp.app */,
				BDACECED2C10930C007B5262 /* XpeAppTests.xctest */,
			);
			name = Products;
			sourceTree = "<group>";
		};
		BDACECDD2C109309007B5262 /* XpeApp */ = {
			isa = PBXGroup;
			children = (
				0E0A7FE92CBFFA4100BFFCDB /* XpeApp.entitlements */,
				108150F22CBD167400D57952 /* GoogleService-Info.plist */,
				0E61D2CA2C78D47700050F7C /* Config.swift */,
				BDACECDE2C109309007B5262 /* XpeAppApp.swift */,
				0E0A7FE72CBFF9C500BFFCDB /* Entitlements.plist */,
				BDC8A4242C18765A00D14C35 /* Info.plist */,
				BDACECE02C109309007B5262 /* ContentView.swift */,
				0E61D2BD2C78A47300050F7C /* Utils.swift */,
				0EF0F8E12C91E13500AF5966 /* Data */,
				0EF0F8E22C91E13E00AF5966 /* Domain */,
				0EF0F8E32C91E14900AF5966 /* Presentation */,
				BDACECE42C10930C007B5262 /* Assets.xcassets */,
				0E155E642C64F97100649EBC /* LaunchScreen.storyboard */,
				BDACECE62C10930C007B5262 /* Preview Content */,
			);
			path = XpeApp;
			sourceTree = "<group>";
		};
		BDACECE62C10930C007B5262 /* Preview Content */ = {
			isa = PBXGroup;
			children = (
				BDACECE72C10930C007B5262 /* Preview Assets.xcassets */,
			);
			path = "Preview Content";
			sourceTree = "<group>";
		};
		BDACECF02C10930C007B5262 /* XpeAppTests */ = {
			isa = PBXGroup;
			children = (
				0EEE15062C9D56640066CCB7 /* ModelEntity */,
				0EEE14FF2C9C55BF0066CCB7 /* Repository */,
				BDACECF12C10930C007B5262 /* XpeAppTests.swift */,
				0EEE150B2C9D59F70066CCB7 /* UtilsTests.swift */,
			);
			path = XpeAppTests;
			sourceTree = "<group>";
		};
		D7056B932D367B9500D7D8CA /* Profile */ = {
			isa = PBXGroup;
			children = (
				D72C133B2D2D7AC5002F6A14 /* ProfilePageView.swift */,
				D7056B962D367BD000D7D8CA /* ProfileEditPasswordView.swift */,
				D7056B982D367C9F00D7D8CA /* ProfileUserInfosView.swift */,
			);
			path = Profile;
			sourceTree = "<group>";
		};
		D72C13322D2D3DF9002F6A14 /* User-Infos */ = {
			isa = PBXGroup;
			children = (
				D72C13332D2D3E03002F6A14 /* UserInfosModel.swift */,
			);
			path = "User-Infos";
			sourceTree = "<group>";
		};
		D7504B732D49302C0072E9C3 /* About */ = {
			isa = PBXGroup;
			children = (
				D7504B742D49303C0072E9C3 /* AboutView.swift */,
			);
			path = About;
			sourceTree = "<group>";
		};
/* End PBXGroup section */

/* Begin PBXNativeTarget section */
		BDACECDA2C109309007B5262 /* XpeApp */ = {
			isa = PBXNativeTarget;
			buildConfigurationList = BDACED012C10930C007B5262 /* Build configuration list for PBXNativeTarget "XpeApp" */;
			buildPhases = (
				BDACECD72C109309007B5262 /* Sources */,
				BDACECD82C109309007B5262 /* Frameworks */,
				BDACECD92C109309007B5262 /* Resources */,
			);
			buildRules = (
			);
			dependencies = (
			);
			name = XpeApp;
			packageProductDependencies = (
				BDACED112C10BB78007B5262 /* FirebaseAuth */,
				BDACED132C10BB78007B5262 /* FirebaseFirestore */,
				BDACED152C10BB78007B5262 /* FirebaseMessaging */,
				0EB50D222CDB676F004E8C24 /* xpeho_ui */,
				0E7E8C032CF490CE00D348EC /* FirebaseStorage */,
				0E7E8C062CF5D4AF00D348EC /* xpeho_ui */,
				778946912D301C480041D247 /* FirebaseAnalytics */,
				778946932D301C480041D247 /* FirebaseAnalyticsOnDeviceConversion */,
				778946952D301C480041D247 /* FirebaseAnalyticsSwift */,
				778946972D301C480041D247 /* FirebaseAnalyticsWithoutAdIdSupport */,
				778946992D301C480041D247 /* FirebaseAppCheck */,
				0E1153BF2D5F443F003DF133 /* xpeho_ui */,
				0E1153C22D5F8273003DF133 /* xpeho_ui */,
			);
			productName = XpeApp;
			productReference = BDACECDB2C109309007B5262 /* XpeApp.app */;
			productType = "com.apple.product-type.application";
		};
		BDACECEC2C10930C007B5262 /* XpeAppTests */ = {
			isa = PBXNativeTarget;
			buildConfigurationList = BDACED042C10930C007B5262 /* Build configuration list for PBXNativeTarget "XpeAppTests" */;
			buildPhases = (
				BDACECE92C10930C007B5262 /* Sources */,
				BDACECEA2C10930C007B5262 /* Frameworks */,
				BDACECEB2C10930C007B5262 /* Resources */,
			);
			buildRules = (
			);
			dependencies = (
				BDACECEF2C10930C007B5262 /* PBXTargetDependency */,
			);
			name = XpeAppTests;
			productName = XpeAppTests;
			productReference = BDACECED2C10930C007B5262 /* XpeAppTests.xctest */;
			productType = "com.apple.product-type.bundle.unit-test";
		};
/* End PBXNativeTarget section */

/* Begin PBXProject section */
		BDACECD32C109309007B5262 /* Project object */ = {
			isa = PBXProject;
			attributes = {
				BuildIndependentTargetsInParallel = 1;
				LastSwiftUpdateCheck = 1540;
				LastUpgradeCheck = 1540;
				TargetAttributes = {
					BDACECDA2C109309007B5262 = {
						CreatedOnToolsVersion = 15.4;
					};
					BDACECEC2C10930C007B5262 = {
						CreatedOnToolsVersion = 15.4;
						TestTargetID = BDACECDA2C109309007B5262;
					};
				};
			};
			buildConfigurationList = BDACECD62C109309007B5262 /* Build configuration list for PBXProject "XpeApp" */;
			compatibilityVersion = "Xcode 14.0";
			developmentRegion = en;
			hasScannedForEncodings = 0;
			knownRegions = (
				en,
				Base,
			);
			mainGroup = BDACECD22C109309007B5262;
			packageReferences = (
				BDACED102C10BB78007B5262 /* XCRemoteSwiftPackageReference "firebase-ios-sdk" */,
				0E1153C12D5F8273003DF133 /* XCRemoteSwiftPackageReference "xpeho_ui_swift" */,
			);
			productRefGroup = BDACECDC2C109309007B5262 /* Products */;
			projectDirPath = "";
			projectRoot = "";
			targets = (
				BDACECDA2C109309007B5262 /* XpeApp */,
				BDACECEC2C10930C007B5262 /* XpeAppTests */,
			);
		};
/* End PBXProject section */

/* Begin PBXResourcesBuildPhase section */
		BDACECD92C109309007B5262 /* Resources */ = {
			isa = PBXResourcesBuildPhase;
			buildActionMask = 2147483647;
			files = (
				BDACECE82C10930C007B5262 /* Preview Assets.xcassets in Resources */,
				0E155E652C64F97100649EBC /* LaunchScreen.storyboard in Resources */,
				BDACECE52C10930C007B5262 /* Assets.xcassets in Resources */,
				0E0A7FE82CBFF9C500BFFCDB /* Entitlements.plist in Resources */,
				108150F32CBD167400D57952 /* GoogleService-Info.plist in Resources */,
			);
			runOnlyForDeploymentPostprocessing = 0;
		};
		BDACECEB2C10930C007B5262 /* Resources */ = {
			isa = PBXResourcesBuildPhase;
			buildActionMask = 2147483647;
			files = (
			);
			runOnlyForDeploymentPostprocessing = 0;
		};
/* End PBXResourcesBuildPhase section */

/* Begin PBXSourcesBuildPhase section */
		BDACECD72C109309007B5262 /* Sources */ = {
			isa = PBXSourcesBuildPhase;
			buildActionMask = 2147483647;
			files = (
				0E6277A02C943FAF00F26E55 /* LastNewsletterPreviewView.swift in Sources */,
				D72C13342D2D3E0D002F6A14 /* UserInfosModel.swift in Sources */,
				0EF0F8DA2C90805800AF5966 /* UserCandidateModel.swift in Sources */,
				0E61D2B92C78A20F00050F7C /* NewsletterModel.swift in Sources */,
				0EF0F9002C931EE100AF5966 /* HomePageViewModel.swift in Sources */,
				0E7EBD5E2C6CFF8700C95482 /* CampaignFormView.swift in Sources */,
				0EFC0FEA2CF9D17800F9480D /* DisabledFeaturePlaceHolderView.swift in Sources */,
				0E260DBD2CD8D79E00F8EF0C /* NoContentPlaceHolderView.swift in Sources */,
				0E6277AA2C94897100F26E55 /* NewsletterCardView.swift in Sources */,
				0E6ACF802C8710B100735E1E /* FeatureRepositoryImpl.swift in Sources */,
				0E6277A72C9484D900F26E55 /* NewsletterPageViewModel.swift in Sources */,
				D7056B992D367C9F00D7D8CA /* ProfileUserInfosView.swift in Sources */,
				0EF0F9022C931F2D00AF5966 /* LoginManager.swift in Sources */,
				0EF0F9042C932F1000AF5966 /* NewsletterEntity.swift in Sources */,
				0EF1CA482CFF68A700AF0848 /* UtilsUI.swift in Sources */,
				0E67FA212C74943C00B34AE9 /* ToastManager.swift in Sources */,
				0E61D2AF2C78A0AC00050F7C /* QvstThemeModel.swift in Sources */,
				0E6277A22C943FC600F26E55 /* CampaignCardView.swift in Sources */,
				0E6277AD2C94907500F26E55 /* CampaignsPageViewModel.swift in Sources */,
				0EF0F8F82C92CED700AF5966 /* QvstRepository.swift in Sources */,
				0E5C6EFC2C6A1A4500AA2127 /* HomePageView.swift in Sources */,
				0E61D2CB2C78D47700050F7C /* Config.swift in Sources */,
				0EF0F9062C93324B00AF5966 /* QvstCampaignEntity.swift in Sources */,
				0EF0F8F62C92CEA100AF5966 /* NewsletterRepository.swift in Sources */,
				D7056B972D367BD000D7D8CA /* ProfileEditPasswordView.swift in Sources */,
				0EF0F90B2C94350B00AF5966 /* FeatureManager.swift in Sources */,
				0EF0F8FC2C92CF1800AF5966 /* FeatureRepository.swift in Sources */,
				D70CC9EC2D355D63005B8916 /* UserPasswordEditResponseModel.swift in Sources */,
				BDE1B5162C183AE200E8513F /* DebugPageView.swift in Sources */,
				0E61D2B72C78A1EA00050F7C /* NewsletterRepositoryImpl.swift in Sources */,
				0EF0F8F22C91E7FD00AF5966 /* FirebaseAPI.swift in Sources */,
				0E6277A42C94462100F26E55 /* CampaignsListView.swift in Sources */,
				D70CC9EE2D35620A005B8916 /* UserPasswordEditModel.swift in Sources */,
				0E7C7CAB2C9B2C6A00660E75 /* MockWordpressAPI.swift in Sources */,
				0E5C6EFA2C69EDD100AA2127 /* TitleView.swift in Sources */,
				BDACECE12C109309007B5262 /* ContentView.swift in Sources */,
				0E61D2B12C78A0C600050F7C /* QvstCampaignModel.swift in Sources */,
				0E87AC2F2C660DBB0079877D /* HeaderView.swift in Sources */,
				0E260DC32CDA245000F8EF0C /* PageTitleView.swift in Sources */,
				0E260DC12CD92CEA00F8EF0C /* ListFilterTitleView.swift in Sources */,
				0E72BA622C771FC100C0583D /* RouterManager.swift in Sources */,
				0EF0F8F42C91E8C100AF5966 /* WordpressAPI.swift in Sources */,
				0EF0F8D72C8AE69300AF5966 /* UserRepositoryImpl.swift in Sources */,
				0E7C7CA92C9B20DE00660E75 /* MockFirebaseAPI.swift in Sources */,
				0EF0F8FE2C9319EC00AF5966 /* WordpressAPIHttpClient.swift in Sources */,
				D7C9A5462D2C138000D9E763 /* SidebarItemProfileView.swift in Sources */,
				0E6277BB2C9988AE00F26E55 /* KeychainManager.swift in Sources */,
				BDACECDF2C109309007B5262 /* XpeAppApp.swift in Sources */,
				0E6277B52C98829200F26E55 /* UserEntity.swift in Sources */,
				0E6277B12C98290C00F26E55 /* CampaignFormViewModel.swift in Sources */,
				D78652562D4A355E0023DFAA /* ConstantsMenuItem.swift in Sources */,
				0E6277BD2C9ADB5500F26E55 /* NewslettersListView.swift in Sources */,
				0E61D2C42C78A4F200050F7C /* QvstProgressModel.swift in Sources */,
				0EF0F8DE2C90863E00AF5966 /* TokenValidityModel.swift in Sources */,
				0E61D2C62C78A53100050F7C /* QvstFormResponseModel.swift in Sources */,
				0E6ACF7C2C870FC700735E1E /* FeatureModel.swift in Sources */,
				BDACED0B2C10A690007B5262 /* NewsletterPageView.swift in Sources */,
				0E7C7CA42C9B084800660E75 /* SidebarItemView.swift in Sources */,
				D72C13362D2D3F0D002F6A14 /* UserInfosEntity.swift in Sources */,
				D72C133C2D2D7ACF002F6A14 /* ProfilePageView.swift in Sources */,
				0E61D2BE2C78A47300050F7C /* Utils.swift in Sources */,
				0EF0F90D2C9435CE00AF5966 /* RouterView.swift in Sources */,
				0E87AC332C660DDF0079877D /* SidebarView.swift in Sources */,
				0EF0F8D42C8A067C00AF5966 /* LoginPageView.swift in Sources */,
				0E6277B72C98850200F26E55 /* TokenResponseModel.swift in Sources */,
				D7504B752D49303C0072E9C3 /* AboutView.swift in Sources */,
				D7056B922D366D8600D7D8CA /* UserPasswordEditReturnEnum.swift in Sources */,
				0E61D2C22C78A4E300050F7C /* QvstAnswerModel.swift in Sources */,
				BD83CCBA2C1853ED00152559 /* CampaignsPageView.swift in Sources */,
				D72C13442D2EF74F002F6A14 /* UserInfosPageViewModel.swift in Sources */,
				0E61D2C02C78A4DA00050F7C /* QvstQuestionModel.swift in Sources */,
				0E260DBF2CD90DAA00F8EF0C /* ListFilterView.swift in Sources */,
				0EF0F8FA2C92CEFA00AF5966 /* UserRepository.swift in Sources */,
				0EF0F9092C9431E100AF5966 /* FeatureEntity.swift in Sources */,
				0E61D2C82C78A55400050F7C /* QvstRepositoryImpl.swift in Sources */,
			);
			runOnlyForDeploymentPostprocessing = 0;
		};
		BDACECE92C10930C007B5262 /* Sources */ = {
			isa = PBXSourcesBuildPhase;
			buildActionMask = 2147483647;
			files = (
				0EEE150A2C9D58130066CCB7 /* NewsletterModelEntityTests.swift in Sources */,
				BDACECF22C10930C007B5262 /* XpeAppTests.swift in Sources */,
				0EEE15042C9C56A70066CCB7 /* UserRepositoryTests.swift in Sources */,
				0E6ACF842C87285500735E1E /* FeatureRepositoryTests.swift in Sources */,
				0E6ACF822C8727E900735E1E /* NewsletterRepositoryTests.swift in Sources */,
				0E72BA602C75DCE400C0583D /* QvstRepositoryTests.swift in Sources */,
				0EEE15082C9D56790066CCB7 /* FeatureModelEntityTests.swift in Sources */,
				0EEE150C2C9D59F70066CCB7 /* UtilsTests.swift in Sources */,
			);
			runOnlyForDeploymentPostprocessing = 0;
		};
/* End PBXSourcesBuildPhase section */

/* Begin PBXTargetDependency section */
		BDACECEF2C10930C007B5262 /* PBXTargetDependency */ = {
			isa = PBXTargetDependency;
			target = BDACECDA2C109309007B5262 /* XpeApp */;
			targetProxy = BDACECEE2C10930C007B5262 /* PBXContainerItemProxy */;
		};
/* End PBXTargetDependency section */

/* Begin XCBuildConfiguration section */
		BDACECFF2C10930C007B5262 /* Debug */ = {
			isa = XCBuildConfiguration;
			buildSettings = {
				ALWAYS_SEARCH_USER_PATHS = NO;
				ASSETCATALOG_COMPILER_GENERATE_SWIFT_ASSET_SYMBOL_EXTENSIONS = YES;
				CLANG_ANALYZER_NONNULL = YES;
				CLANG_ANALYZER_NUMBER_OBJECT_CONVERSION = YES_AGGRESSIVE;
				CLANG_CXX_LANGUAGE_STANDARD = "gnu++20";
				CLANG_ENABLE_MODULES = YES;
				CLANG_ENABLE_OBJC_ARC = YES;
				CLANG_ENABLE_OBJC_WEAK = YES;
				CLANG_WARN_BLOCK_CAPTURE_AUTORELEASING = YES;
				CLANG_WARN_BOOL_CONVERSION = YES;
				CLANG_WARN_COMMA = YES;
				CLANG_WARN_CONSTANT_CONVERSION = YES;
				CLANG_WARN_DEPRECATED_OBJC_IMPLEMENTATIONS = YES;
				CLANG_WARN_DIRECT_OBJC_ISA_USAGE = YES_ERROR;
				CLANG_WARN_DOCUMENTATION_COMMENTS = YES;
				CLANG_WARN_EMPTY_BODY = YES;
				CLANG_WARN_ENUM_CONVERSION = YES;
				CLANG_WARN_INFINITE_RECURSION = YES;
				CLANG_WARN_INT_CONVERSION = YES;
				CLANG_WARN_NON_LITERAL_NULL_CONVERSION = YES;
				CLANG_WARN_OBJC_IMPLICIT_RETAIN_SELF = YES;
				CLANG_WARN_OBJC_LITERAL_CONVERSION = YES;
				CLANG_WARN_OBJC_ROOT_CLASS = YES_ERROR;
				CLANG_WARN_QUOTED_INCLUDE_IN_FRAMEWORK_HEADER = YES;
				CLANG_WARN_RANGE_LOOP_ANALYSIS = YES;
				CLANG_WARN_STRICT_PROTOTYPES = YES;
				CLANG_WARN_SUSPICIOUS_MOVE = YES;
				CLANG_WARN_UNGUARDED_AVAILABILITY = YES_AGGRESSIVE;
				CLANG_WARN_UNREACHABLE_CODE = YES;
				CLANG_WARN__DUPLICATE_METHOD_MATCH = YES;
				COPY_PHASE_STRIP = NO;
				DEBUG_INFORMATION_FORMAT = dwarf;
				ENABLE_STRICT_OBJC_MSGSEND = YES;
				ENABLE_TESTABILITY = YES;
				ENABLE_USER_SCRIPT_SANDBOXING = YES;
				GCC_C_LANGUAGE_STANDARD = gnu17;
				GCC_DYNAMIC_NO_PIC = NO;
				GCC_NO_COMMON_BLOCKS = YES;
				GCC_OPTIMIZATION_LEVEL = 0;
				GCC_PREPROCESSOR_DEFINITIONS = (
					"DEBUG=1",
					"$(inherited)",
				);
				GCC_WARN_64_TO_32_BIT_CONVERSION = YES;
				GCC_WARN_ABOUT_RETURN_TYPE = YES_ERROR;
				GCC_WARN_UNDECLARED_SELECTOR = YES;
				GCC_WARN_UNINITIALIZED_AUTOS = YES_AGGRESSIVE;
				GCC_WARN_UNUSED_FUNCTION = YES;
				GCC_WARN_UNUSED_VARIABLE = YES;
				IPHONEOS_DEPLOYMENT_TARGET = 17.0;
				LOCALIZATION_PREFERS_STRING_CATALOGS = YES;
				MTL_ENABLE_DEBUG_INFO = INCLUDE_SOURCE;
				MTL_FAST_MATH = YES;
				ONLY_ACTIVE_ARCH = YES;
				SDKROOT = iphoneos;
				SWIFT_ACTIVE_COMPILATION_CONDITIONS = "DEBUG $(inherited)";
				SWIFT_OPTIMIZATION_LEVEL = "-Onone";
			};
			name = Debug;
		};
		BDACED002C10930C007B5262 /* Release */ = {
			isa = XCBuildConfiguration;
			buildSettings = {
				ALWAYS_SEARCH_USER_PATHS = NO;
				ASSETCATALOG_COMPILER_GENERATE_SWIFT_ASSET_SYMBOL_EXTENSIONS = YES;
				CLANG_ANALYZER_NONNULL = YES;
				CLANG_ANALYZER_NUMBER_OBJECT_CONVERSION = YES_AGGRESSIVE;
				CLANG_CXX_LANGUAGE_STANDARD = "gnu++20";
				CLANG_ENABLE_MODULES = YES;
				CLANG_ENABLE_OBJC_ARC = YES;
				CLANG_ENABLE_OBJC_WEAK = YES;
				CLANG_WARN_BLOCK_CAPTURE_AUTORELEASING = YES;
				CLANG_WARN_BOOL_CONVERSION = YES;
				CLANG_WARN_COMMA = YES;
				CLANG_WARN_CONSTANT_CONVERSION = YES;
				CLANG_WARN_DEPRECATED_OBJC_IMPLEMENTATIONS = YES;
				CLANG_WARN_DIRECT_OBJC_ISA_USAGE = YES_ERROR;
				CLANG_WARN_DOCUMENTATION_COMMENTS = YES;
				CLANG_WARN_EMPTY_BODY = YES;
				CLANG_WARN_ENUM_CONVERSION = YES;
				CLANG_WARN_INFINITE_RECURSION = YES;
				CLANG_WARN_INT_CONVERSION = YES;
				CLANG_WARN_NON_LITERAL_NULL_CONVERSION = YES;
				CLANG_WARN_OBJC_IMPLICIT_RETAIN_SELF = YES;
				CLANG_WARN_OBJC_LITERAL_CONVERSION = YES;
				CLANG_WARN_OBJC_ROOT_CLASS = YES_ERROR;
				CLANG_WARN_QUOTED_INCLUDE_IN_FRAMEWORK_HEADER = YES;
				CLANG_WARN_RANGE_LOOP_ANALYSIS = YES;
				CLANG_WARN_STRICT_PROTOTYPES = YES;
				CLANG_WARN_SUSPICIOUS_MOVE = YES;
				CLANG_WARN_UNGUARDED_AVAILABILITY = YES_AGGRESSIVE;
				CLANG_WARN_UNREACHABLE_CODE = YES;
				CLANG_WARN__DUPLICATE_METHOD_MATCH = YES;
				COPY_PHASE_STRIP = NO;
				DEBUG_INFORMATION_FORMAT = "dwarf-with-dsym";
				ENABLE_NS_ASSERTIONS = NO;
				ENABLE_STRICT_OBJC_MSGSEND = YES;
				ENABLE_USER_SCRIPT_SANDBOXING = YES;
				GCC_C_LANGUAGE_STANDARD = gnu17;
				GCC_NO_COMMON_BLOCKS = YES;
				GCC_WARN_64_TO_32_BIT_CONVERSION = YES;
				GCC_WARN_ABOUT_RETURN_TYPE = YES_ERROR;
				GCC_WARN_UNDECLARED_SELECTOR = YES;
				GCC_WARN_UNINITIALIZED_AUTOS = YES_AGGRESSIVE;
				GCC_WARN_UNUSED_FUNCTION = YES;
				GCC_WARN_UNUSED_VARIABLE = YES;
				IPHONEOS_DEPLOYMENT_TARGET = 17.0;
				LOCALIZATION_PREFERS_STRING_CATALOGS = YES;
				MTL_ENABLE_DEBUG_INFO = NO;
				MTL_FAST_MATH = YES;
				SDKROOT = iphoneos;
				SWIFT_COMPILATION_MODE = wholemodule;
				VALIDATE_PRODUCT = YES;
			};
			name = Release;
		};
		BDACED022C10930C007B5262 /* Debug */ = {
			isa = XCBuildConfiguration;
			buildSettings = {
				ASSETCATALOG_COMPILER_APPICON_NAME = AppIcon;
				ASSETCATALOG_COMPILER_GLOBAL_ACCENT_COLOR_NAME = AccentColor;
				CODE_SIGN_ENTITLEMENTS = XpeApp/XpeApp.entitlements;
				CODE_SIGN_IDENTITY = "Apple Development";
				CODE_SIGN_STYLE = Automatic;
				CURRENT_PROJECT_VERSION = 11;
				DEVELOPMENT_ASSET_PATHS = "\"XpeApp/Preview Content\"";
				DEVELOPMENT_TEAM = S97GY8T7R8;
				ENABLE_PREVIEWS = YES;
				GENERATE_INFOPLIST_FILE = YES;
				INFOPLIST_FILE = XpeApp/Info.plist;
				INFOPLIST_KEY_UIApplicationSceneManifest_Generation = YES;
				INFOPLIST_KEY_UIApplicationSupportsIndirectInputEvents = YES;
				INFOPLIST_KEY_UILaunchScreen_Generation = YES;
				INFOPLIST_KEY_UILaunchStoryboardName = LaunchScreen.storyboard;
				INFOPLIST_KEY_UISupportedInterfaceOrientations_iPad = "UIInterfaceOrientationPortrait UIInterfaceOrientationPortraitUpsideDown UIInterfaceOrientationLandscapeLeft UIInterfaceOrientationLandscapeRight";
				INFOPLIST_KEY_UISupportedInterfaceOrientations_iPhone = "UIInterfaceOrientationPortrait UIInterfaceOrientationLandscapeLeft UIInterfaceOrientationLandscapeRight";
				LD_RUNPATH_SEARCH_PATHS = (
					"$(inherited)",
					"@executable_path/Frameworks",
				);
				MARKETING_VERSION = 1.5.0;
				PRODUCT_BUNDLE_IDENTIFIER = com.xpeho.xpeapp;
				PRODUCT_NAME = "$(TARGET_NAME)";
				PROVISIONING_PROFILE_SPECIFIER = "";
				SWIFT_EMIT_LOC_STRINGS = YES;
				SWIFT_VERSION = 5.0;
				TARGETED_DEVICE_FAMILY = "1,2";
			};
			name = Debug;
		};
		BDACED032C10930C007B5262 /* Release */ = {
			isa = XCBuildConfiguration;
			buildSettings = {
				ASSETCATALOG_COMPILER_APPICON_NAME = AppIcon;
				ASSETCATALOG_COMPILER_GLOBAL_ACCENT_COLOR_NAME = AccentColor;
				CODE_SIGN_ENTITLEMENTS = XpeApp/XpeApp.entitlements;
				CODE_SIGN_IDENTITY = "Apple Development";
				CODE_SIGN_STYLE = Automatic;
				CURRENT_PROJECT_VERSION = 11;
				DEVELOPMENT_ASSET_PATHS = "\"XpeApp/Preview Content\"";
				DEVELOPMENT_TEAM = S97GY8T7R8;
				ENABLE_PREVIEWS = YES;
				GENERATE_INFOPLIST_FILE = YES;
				INFOPLIST_FILE = XpeApp/Info.plist;
				INFOPLIST_KEY_UIApplicationSceneManifest_Generation = YES;
				INFOPLIST_KEY_UIApplicationSupportsIndirectInputEvents = YES;
				INFOPLIST_KEY_UILaunchScreen_Generation = YES;
				INFOPLIST_KEY_UILaunchStoryboardName = LaunchScreen.storyboard;
				INFOPLIST_KEY_UISupportedInterfaceOrientations_iPad = "UIInterfaceOrientationPortrait UIInterfaceOrientationPortraitUpsideDown UIInterfaceOrientationLandscapeLeft UIInterfaceOrientationLandscapeRight";
				INFOPLIST_KEY_UISupportedInterfaceOrientations_iPhone = "UIInterfaceOrientationPortrait UIInterfaceOrientationLandscapeLeft UIInterfaceOrientationLandscapeRight";
				LD_RUNPATH_SEARCH_PATHS = (
					"$(inherited)",
					"@executable_path/Frameworks",
				);
				MARKETING_VERSION = 1.5.0;
				PRODUCT_BUNDLE_IDENTIFIER = com.xpeho.xpeapp;
				PRODUCT_NAME = "$(TARGET_NAME)";
				PROVISIONING_PROFILE_SPECIFIER = "";
				SWIFT_EMIT_LOC_STRINGS = YES;
				SWIFT_VERSION = 5.0;
				TARGETED_DEVICE_FAMILY = "1,2";
			};
			name = Release;
		};
		BDACED052C10930C007B5262 /* Debug */ = {
			isa = XCBuildConfiguration;
			buildSettings = {
				ALWAYS_EMBED_SWIFT_STANDARD_LIBRARIES = YES;
				BUNDLE_LOADER = "$(TEST_HOST)";
				CODE_SIGN_STYLE = Automatic;
				CURRENT_PROJECT_VERSION = 1;
				GENERATE_INFOPLIST_FILE = YES;
				IPHONEOS_DEPLOYMENT_TARGET = 17.5;
				MARKETING_VERSION = 1.0;
				PRODUCT_BUNDLE_IDENTIFIER = xpeho.XpeAppTests;
				PRODUCT_NAME = "$(TARGET_NAME)";
				SWIFT_EMIT_LOC_STRINGS = NO;
				SWIFT_VERSION = 5.0;
				TARGETED_DEVICE_FAMILY = "1,2";
				TEST_HOST = "$(BUILT_PRODUCTS_DIR)/XpeApp.app/$(BUNDLE_EXECUTABLE_FOLDER_PATH)/XpeApp";
			};
			name = Debug;
		};
		BDACED062C10930C007B5262 /* Release */ = {
			isa = XCBuildConfiguration;
			buildSettings = {
				ALWAYS_EMBED_SWIFT_STANDARD_LIBRARIES = YES;
				BUNDLE_LOADER = "$(TEST_HOST)";
				CODE_SIGN_STYLE = Automatic;
				CURRENT_PROJECT_VERSION = 1;
				GENERATE_INFOPLIST_FILE = YES;
				IPHONEOS_DEPLOYMENT_TARGET = 17.5;
				MARKETING_VERSION = 1.0;
				PRODUCT_BUNDLE_IDENTIFIER = xpeho.XpeAppTests;
				PRODUCT_NAME = "$(TARGET_NAME)";
				SWIFT_EMIT_LOC_STRINGS = NO;
				SWIFT_VERSION = 5.0;
				TARGETED_DEVICE_FAMILY = "1,2";
				TEST_HOST = "$(BUILT_PRODUCTS_DIR)/XpeApp.app/$(BUNDLE_EXECUTABLE_FOLDER_PATH)/XpeApp";
			};
			name = Release;
		};
/* End XCBuildConfiguration section */

/* Begin XCConfigurationList section */
		BDACECD62C109309007B5262 /* Build configuration list for PBXProject "XpeApp" */ = {
			isa = XCConfigurationList;
			buildConfigurations = (
				BDACECFF2C10930C007B5262 /* Debug */,
				BDACED002C10930C007B5262 /* Release */,
			);
			defaultConfigurationIsVisible = 0;
			defaultConfigurationName = Release;
		};
		BDACED012C10930C007B5262 /* Build configuration list for PBXNativeTarget "XpeApp" */ = {
			isa = XCConfigurationList;
			buildConfigurations = (
				BDACED022C10930C007B5262 /* Debug */,
				BDACED032C10930C007B5262 /* Release */,
			);
			defaultConfigurationIsVisible = 0;
			defaultConfigurationName = Release;
		};
		BDACED042C10930C007B5262 /* Build configuration list for PBXNativeTarget "XpeAppTests" */ = {
			isa = XCConfigurationList;
			buildConfigurations = (
				BDACED052C10930C007B5262 /* Debug */,
				BDACED062C10930C007B5262 /* Release */,
			);
			defaultConfigurationIsVisible = 0;
			defaultConfigurationName = Release;
		};
/* End XCConfigurationList section */

/* Begin XCRemoteSwiftPackageReference section */
		0E1153C12D5F8273003DF133 /* XCRemoteSwiftPackageReference "xpeho_ui_swift" */ = {
			isa = XCRemoteSwiftPackageReference;
			repositoryURL = "https://github.com/XPEHO/xpeho_ui_swift";
			requirement = {
				kind = upToNextMajorVersion;
				minimumVersion = 1.3.0;
			};
		};
		BDACED102C10BB78007B5262 /* XCRemoteSwiftPackageReference "firebase-ios-sdk" */ = {
			isa = XCRemoteSwiftPackageReference;
			repositoryURL = "https://github.com/firebase/firebase-ios-sdk.git";
			requirement = {
				kind = upToNextMajorVersion;
				minimumVersion = 10.27.0;
			};
		};
/* End XCRemoteSwiftPackageReference section */

/* Begin XCSwiftPackageProductDependency section */
		0E1153BF2D5F443F003DF133 /* xpeho_ui */ = {
			isa = XCSwiftPackageProductDependency;
			productName = xpeho_ui;
		};
		0E1153C22D5F8273003DF133 /* xpeho_ui */ = {
			isa = XCSwiftPackageProductDependency;
			package = 0E1153C12D5F8273003DF133 /* XCRemoteSwiftPackageReference "xpeho_ui_swift" */;
			productName = xpeho_ui;
		};
		0E7E8C032CF490CE00D348EC /* FirebaseStorage */ = {
			isa = XCSwiftPackageProductDependency;
			package = BDACED102C10BB78007B5262 /* XCRemoteSwiftPackageReference "firebase-ios-sdk" */;
			productName = FirebaseStorage;
		};
		0E7E8C062CF5D4AF00D348EC /* xpeho_ui */ = {
			isa = XCSwiftPackageProductDependency;
			productName = xpeho_ui;
		};
		0EB50D222CDB676F004E8C24 /* xpeho_ui */ = {
			isa = XCSwiftPackageProductDependency;
			productName = xpeho_ui;
		};
		778946912D301C480041D247 /* FirebaseAnalytics */ = {
			isa = XCSwiftPackageProductDependency;
			productName = FirebaseAnalytics;
		};
		778946932D301C480041D247 /* FirebaseAnalyticsOnDeviceConversion */ = {
			isa = XCSwiftPackageProductDependency;
			productName = FirebaseAnalyticsOnDeviceConversion;
		};
		778946952D301C480041D247 /* FirebaseAnalyticsSwift */ = {
			isa = XCSwiftPackageProductDependency;
			productName = FirebaseAnalyticsSwift;
		};
		778946972D301C480041D247 /* FirebaseAnalyticsWithoutAdIdSupport */ = {
			isa = XCSwiftPackageProductDependency;
			productName = FirebaseAnalyticsWithoutAdIdSupport;
		};
		778946992D301C480041D247 /* FirebaseAppCheck */ = {
			isa = XCSwiftPackageProductDependency;
			productName = FirebaseAppCheck;
		};
		BDACED112C10BB78007B5262 /* FirebaseAuth */ = {
			isa = XCSwiftPackageProductDependency;
			package = BDACED102C10BB78007B5262 /* XCRemoteSwiftPackageReference "firebase-ios-sdk" */;
			productName = FirebaseAuth;
		};
		BDACED132C10BB78007B5262 /* FirebaseFirestore */ = {
			isa = XCSwiftPackageProductDependency;
			package = BDACED102C10BB78007B5262 /* XCRemoteSwiftPackageReference "firebase-ios-sdk" */;
			productName = FirebaseFirestore;
		};
		BDACED152C10BB78007B5262 /* FirebaseMessaging */ = {
			isa = XCSwiftPackageProductDependency;
			package = BDACED102C10BB78007B5262 /* XCRemoteSwiftPackageReference "firebase-ios-sdk" */;
			productName = FirebaseMessaging;
		};
/* End XCSwiftPackageProductDependency section */
	};
	rootObject = BDACECD32C109309007B5262 /* Project object */;
}
