// !$*UTF8*$!
{
	archiveVersion = 1;
	classes = {
	};
	objectVersion = 56;
	objects = {

/* Begin PBXBuildFile section */
		0E155E632C64EE6500649EBC /* xpeho_ui in Frameworks */ = {isa = PBXBuildFile; productRef = 0E155E622C64EE6500649EBC /* xpeho_ui */; };
		0E155E652C64F97100649EBC /* LaunchScreen.storyboard in Resources */ = {isa = PBXBuildFile; fileRef = 0E155E642C64F97100649EBC /* LaunchScreen.storyboard */; };
		0E5C6EFA2C69EDD100AA2127 /* Title.swift in Sources */ = {isa = PBXBuildFile; fileRef = 0E5C6EF92C69EDD100AA2127 /* Title.swift */; };
		0E5C6EFC2C6A1A4500AA2127 /* HomePageView.swift in Sources */ = {isa = PBXBuildFile; fileRef = 0E5C6EFB2C6A1A4500AA2127 /* HomePageView.swift */; };
		0E61D2AF2C78A0AC00050F7C /* QvstTheme.swift in Sources */ = {isa = PBXBuildFile; fileRef = 0E61D2AE2C78A0AC00050F7C /* QvstTheme.swift */; };
		0E61D2B12C78A0C600050F7C /* QvstCampaign.swift in Sources */ = {isa = PBXBuildFile; fileRef = 0E61D2B02C78A0C600050F7C /* QvstCampaign.swift */; };
		0E61D2B72C78A1EA00050F7C /* NewsletterService.swift in Sources */ = {isa = PBXBuildFile; fileRef = 0E61D2B62C78A1EA00050F7C /* NewsletterService.swift */; };
		0E61D2B92C78A20F00050F7C /* Newsletter.swift in Sources */ = {isa = PBXBuildFile; fileRef = 0E61D2B82C78A20F00050F7C /* Newsletter.swift */; };
		0E61D2BE2C78A47300050F7C /* Utils.swift in Sources */ = {isa = PBXBuildFile; fileRef = 0E61D2BD2C78A47300050F7C /* Utils.swift */; };
		0E61D2C02C78A4DA00050F7C /* QvstQuestion.swift in Sources */ = {isa = PBXBuildFile; fileRef = 0E61D2BF2C78A4DA00050F7C /* QvstQuestion.swift */; };
		0E61D2C22C78A4E300050F7C /* QvstAnswer.swift in Sources */ = {isa = PBXBuildFile; fileRef = 0E61D2C12C78A4E300050F7C /* QvstAnswer.swift */; };
		0E61D2C42C78A4F200050F7C /* QvstProgress.swift in Sources */ = {isa = PBXBuildFile; fileRef = 0E61D2C32C78A4F200050F7C /* QvstProgress.swift */; };
		0E61D2C62C78A53100050F7C /* QvstFormResponse.swift in Sources */ = {isa = PBXBuildFile; fileRef = 0E61D2C52C78A53100050F7C /* QvstFormResponse.swift */; };
		0E61D2C82C78A55400050F7C /* QvstService.swift in Sources */ = {isa = PBXBuildFile; fileRef = 0E61D2C72C78A55400050F7C /* QvstService.swift */; };
		0E61D2CB2C78D47700050F7C /* Config.swift in Sources */ = {isa = PBXBuildFile; fileRef = 0E61D2CA2C78D47700050F7C /* Config.swift */; };
		0E67FA212C74943C00B34AE9 /* Toast.swift in Sources */ = {isa = PBXBuildFile; fileRef = 0E67FA202C74943C00B34AE9 /* Toast.swift */; };
		0E7032962C6B591000850ED5 /* SidebarUITests.swift in Sources */ = {isa = PBXBuildFile; fileRef = 0E7032952C6B591000850ED5 /* SidebarUITests.swift */; };
		0E7032972C6B5A6600850ED5 /* XpeAppUITests.swift in Sources */ = {isa = PBXBuildFile; fileRef = BDACECFB2C10930C007B5262 /* XpeAppUITests.swift */; };
		0E70329A2C6B5B3100850ED5 /* FirebaseMessaging in Frameworks */ = {isa = PBXBuildFile; productRef = 0E7032992C6B5B3100850ED5 /* FirebaseMessaging */; };
		0E70329C2C6B5B3600850ED5 /* FirebaseAuth in Frameworks */ = {isa = PBXBuildFile; productRef = 0E70329B2C6B5B3600850ED5 /* FirebaseAuth */; };
		0E70329E2C6B5B3A00850ED5 /* FirebaseFirestore in Frameworks */ = {isa = PBXBuildFile; productRef = 0E70329D2C6B5B3A00850ED5 /* FirebaseFirestore */; };
		0E7032A02C6B5B6A00850ED5 /* xpeho_ui in Frameworks */ = {isa = PBXBuildFile; productRef = 0E70329F2C6B5B6A00850ED5 /* xpeho_ui */; };
		0E72BA602C75DCE400C0583D /* QvstTests.swift in Sources */ = {isa = PBXBuildFile; fileRef = 0E72BA5F2C75DCE400C0583D /* QvstTests.swift */; };
		0E72BA622C771FC100C0583D /* Router.swift in Sources */ = {isa = PBXBuildFile; fileRef = 0E72BA612C771FC100C0583D /* Router.swift */; };
		0E72BA642C77258900C0583D /* Data.swift in Sources */ = {isa = PBXBuildFile; fileRef = 0E72BA632C77258900C0583D /* Data.swift */; };
		0E7EBD5E2C6CFF8700C95482 /* QvstCampaignFormView.swift in Sources */ = {isa = PBXBuildFile; fileRef = 0E7EBD5D2C6CFF8700C95482 /* QvstCampaignFormView.swift */; };
		0E87AC2F2C660DBB0079877D /* Header.swift in Sources */ = {isa = PBXBuildFile; fileRef = 0E87AC2E2C660DBB0079877D /* Header.swift */; };
		0E87AC332C660DDF0079877D /* Sidebar.swift in Sources */ = {isa = PBXBuildFile; fileRef = 0E87AC322C660DDF0079877D /* Sidebar.swift */; };
		BD83CCBA2C1853ED00152559 /* QvstCampaignsPageView.swift in Sources */ = {isa = PBXBuildFile; fileRef = BD83CCB92C1853ED00152559 /* QvstCampaignsPageView.swift */; };
		BDACECDF2C109309007B5262 /* XpeAppApp.swift in Sources */ = {isa = PBXBuildFile; fileRef = BDACECDE2C109309007B5262 /* XpeAppApp.swift */; };
		BDACECE12C109309007B5262 /* ContentView.swift in Sources */ = {isa = PBXBuildFile; fileRef = BDACECE02C109309007B5262 /* ContentView.swift */; };
		BDACECE52C10930C007B5262 /* Assets.xcassets in Resources */ = {isa = PBXBuildFile; fileRef = BDACECE42C10930C007B5262 /* Assets.xcassets */; };
		BDACECE82C10930C007B5262 /* Preview Assets.xcassets in Resources */ = {isa = PBXBuildFile; fileRef = BDACECE72C10930C007B5262 /* Preview Assets.xcassets */; };
		BDACECF22C10930C007B5262 /* XpeAppTests.swift in Sources */ = {isa = PBXBuildFile; fileRef = BDACECF12C10930C007B5262 /* XpeAppTests.swift */; };
		BDACECFE2C10930C007B5262 /* XpeAppUITestsLaunchTests.swift in Sources */ = {isa = PBXBuildFile; fileRef = BDACECFD2C10930C007B5262 /* XpeAppUITestsLaunchTests.swift */; };
		BDACED0B2C10A690007B5262 /* NewsletterPageView.swift in Sources */ = {isa = PBXBuildFile; fileRef = BDACED0A2C10A690007B5262 /* NewsletterPageView.swift */; };
		BDACED122C10BB78007B5262 /* FirebaseAuth in Frameworks */ = {isa = PBXBuildFile; productRef = BDACED112C10BB78007B5262 /* FirebaseAuth */; };
		BDACED142C10BB78007B5262 /* FirebaseFirestore in Frameworks */ = {isa = PBXBuildFile; productRef = BDACED132C10BB78007B5262 /* FirebaseFirestore */; };
		BDACED162C10BB78007B5262 /* FirebaseMessaging in Frameworks */ = {isa = PBXBuildFile; productRef = BDACED152C10BB78007B5262 /* FirebaseMessaging */; };
		BDE1B5162C183AE200E8513F /* DebugPageView.swift in Sources */ = {isa = PBXBuildFile; fileRef = BDE1B5152C183AE200E8513F /* DebugPageView.swift */; };
		BDFB9FF92C11A72300F8A35F /* GoogleService-Info.plist in Resources */ = {isa = PBXBuildFile; fileRef = BDFB9FF82C11A72300F8A35F /* GoogleService-Info.plist */; };
/* End PBXBuildFile section */

/* Begin PBXContainerItemProxy section */
		BDACECEE2C10930C007B5262 /* PBXContainerItemProxy */ = {
			isa = PBXContainerItemProxy;
			containerPortal = BDACECD32C109309007B5262 /* Project object */;
			proxyType = 1;
			remoteGlobalIDString = BDACECDA2C109309007B5262;
			remoteInfo = XpeApp;
		};
		BDACECF82C10930C007B5262 /* PBXContainerItemProxy */ = {
			isa = PBXContainerItemProxy;
			containerPortal = BDACECD32C109309007B5262 /* Project object */;
			proxyType = 1;
			remoteGlobalIDString = BDACECDA2C109309007B5262;
			remoteInfo = XpeApp;
		};
/* End PBXContainerItemProxy section */

/* Begin PBXFileReference section */
		0E155E642C64F97100649EBC /* LaunchScreen.storyboard */ = {isa = PBXFileReference; lastKnownFileType = file.storyboard; path = LaunchScreen.storyboard; sourceTree = "<group>"; };
		0E5C6EF92C69EDD100AA2127 /* Title.swift */ = {isa = PBXFileReference; lastKnownFileType = sourcecode.swift; path = Title.swift; sourceTree = "<group>"; };
		0E5C6EFB2C6A1A4500AA2127 /* HomePageView.swift */ = {isa = PBXFileReference; lastKnownFileType = sourcecode.swift; path = HomePageView.swift; sourceTree = "<group>"; };
		0E61D2AE2C78A0AC00050F7C /* QvstTheme.swift */ = {isa = PBXFileReference; lastKnownFileType = sourcecode.swift; path = QvstTheme.swift; sourceTree = "<group>"; };
		0E61D2B02C78A0C600050F7C /* QvstCampaign.swift */ = {isa = PBXFileReference; lastKnownFileType = sourcecode.swift; path = QvstCampaign.swift; sourceTree = "<group>"; };
		0E61D2B62C78A1EA00050F7C /* NewsletterService.swift */ = {isa = PBXFileReference; lastKnownFileType = sourcecode.swift; path = NewsletterService.swift; sourceTree = "<group>"; };
		0E61D2B82C78A20F00050F7C /* Newsletter.swift */ = {isa = PBXFileReference; lastKnownFileType = sourcecode.swift; path = Newsletter.swift; sourceTree = "<group>"; };
		0E61D2BD2C78A47300050F7C /* Utils.swift */ = {isa = PBXFileReference; lastKnownFileType = sourcecode.swift; path = Utils.swift; sourceTree = "<group>"; };
		0E61D2BF2C78A4DA00050F7C /* QvstQuestion.swift */ = {isa = PBXFileReference; lastKnownFileType = sourcecode.swift; path = QvstQuestion.swift; sourceTree = "<group>"; };
		0E61D2C12C78A4E300050F7C /* QvstAnswer.swift */ = {isa = PBXFileReference; lastKnownFileType = sourcecode.swift; path = QvstAnswer.swift; sourceTree = "<group>"; };
		0E61D2C32C78A4F200050F7C /* QvstProgress.swift */ = {isa = PBXFileReference; lastKnownFileType = sourcecode.swift; path = QvstProgress.swift; sourceTree = "<group>"; };
		0E61D2C52C78A53100050F7C /* QvstFormResponse.swift */ = {isa = PBXFileReference; lastKnownFileType = sourcecode.swift; path = QvstFormResponse.swift; sourceTree = "<group>"; };
		0E61D2C72C78A55400050F7C /* QvstService.swift */ = {isa = PBXFileReference; lastKnownFileType = sourcecode.swift; path = QvstService.swift; sourceTree = "<group>"; };
		0E61D2CA2C78D47700050F7C /* Config.swift */ = {isa = PBXFileReference; lastKnownFileType = sourcecode.swift; path = Config.swift; sourceTree = "<group>"; };
		0E61D2CC2C78DC0B00050F7C /* XpeApp.xctestplan */ = {isa = PBXFileReference; lastKnownFileType = text; path = XpeApp.xctestplan; sourceTree = "<group>"; };
		0E67FA202C74943C00B34AE9 /* Toast.swift */ = {isa = PBXFileReference; lastKnownFileType = sourcecode.swift; path = Toast.swift; sourceTree = "<group>"; };
		0E7032952C6B591000850ED5 /* SidebarUITests.swift */ = {isa = PBXFileReference; lastKnownFileType = sourcecode.swift; path = SidebarUITests.swift; sourceTree = "<group>"; };
		0E72BA5F2C75DCE400C0583D /* QvstTests.swift */ = {isa = PBXFileReference; lastKnownFileType = sourcecode.swift; path = QvstTests.swift; sourceTree = "<group>"; };
		0E72BA612C771FC100C0583D /* Router.swift */ = {isa = PBXFileReference; lastKnownFileType = sourcecode.swift; path = Router.swift; sourceTree = "<group>"; };
		0E72BA632C77258900C0583D /* Data.swift */ = {isa = PBXFileReference; lastKnownFileType = sourcecode.swift; path = Data.swift; sourceTree = "<group>"; };
		0E7EBD5D2C6CFF8700C95482 /* QvstCampaignFormView.swift */ = {isa = PBXFileReference; lastKnownFileType = sourcecode.swift; path = QvstCampaignFormView.swift; sourceTree = "<group>"; };
		0E87AC2E2C660DBB0079877D /* Header.swift */ = {isa = PBXFileReference; lastKnownFileType = sourcecode.swift; path = Header.swift; sourceTree = "<group>"; };
		0E87AC322C660DDF0079877D /* Sidebar.swift */ = {isa = PBXFileReference; lastKnownFileType = sourcecode.swift; path = Sidebar.swift; sourceTree = "<group>"; };
		BD83CCB92C1853ED00152559 /* QvstCampaignsPageView.swift */ = {isa = PBXFileReference; lastKnownFileType = sourcecode.swift; path = QvstCampaignsPageView.swift; sourceTree = "<group>"; };
		BDACECDB2C109309007B5262 /* XpeApp.app */ = {isa = PBXFileReference; explicitFileType = wrapper.application; includeInIndex = 0; path = XpeApp.app; sourceTree = BUILT_PRODUCTS_DIR; };
		BDACECDE2C109309007B5262 /* XpeAppApp.swift */ = {isa = PBXFileReference; lastKnownFileType = sourcecode.swift; path = XpeAppApp.swift; sourceTree = "<group>"; };
		BDACECE02C109309007B5262 /* ContentView.swift */ = {isa = PBXFileReference; lastKnownFileType = sourcecode.swift; path = ContentView.swift; sourceTree = "<group>"; };
		BDACECE42C10930C007B5262 /* Assets.xcassets */ = {isa = PBXFileReference; lastKnownFileType = folder.assetcatalog; path = Assets.xcassets; sourceTree = "<group>"; };
		BDACECE72C10930C007B5262 /* Preview Assets.xcassets */ = {isa = PBXFileReference; lastKnownFileType = folder.assetcatalog; path = "Preview Assets.xcassets"; sourceTree = "<group>"; };
		BDACECED2C10930C007B5262 /* XpeAppTests.xctest */ = {isa = PBXFileReference; explicitFileType = wrapper.cfbundle; includeInIndex = 0; path = XpeAppTests.xctest; sourceTree = BUILT_PRODUCTS_DIR; };
		BDACECF12C10930C007B5262 /* XpeAppTests.swift */ = {isa = PBXFileReference; lastKnownFileType = sourcecode.swift; path = XpeAppTests.swift; sourceTree = "<group>"; };
		BDACECF72C10930C007B5262 /* XpeAppUITests.xctest */ = {isa = PBXFileReference; explicitFileType = wrapper.cfbundle; includeInIndex = 0; path = XpeAppUITests.xctest; sourceTree = BUILT_PRODUCTS_DIR; };
		BDACECFB2C10930C007B5262 /* XpeAppUITests.swift */ = {isa = PBXFileReference; lastKnownFileType = sourcecode.swift; path = XpeAppUITests.swift; sourceTree = "<group>"; };
		BDACECFD2C10930C007B5262 /* XpeAppUITestsLaunchTests.swift */ = {isa = PBXFileReference; lastKnownFileType = sourcecode.swift; path = XpeAppUITestsLaunchTests.swift; sourceTree = "<group>"; };
		BDACED0A2C10A690007B5262 /* NewsletterPageView.swift */ = {isa = PBXFileReference; lastKnownFileType = sourcecode.swift; path = NewsletterPageView.swift; sourceTree = "<group>"; };
		BDC8A4242C18765A00D14C35 /* Info.plist */ = {isa = PBXFileReference; lastKnownFileType = text.plist; path = Info.plist; sourceTree = "<group>"; };
		BDE1B5152C183AE200E8513F /* DebugPageView.swift */ = {isa = PBXFileReference; lastKnownFileType = sourcecode.swift; path = DebugPageView.swift; sourceTree = "<group>"; };
		BDFB9FF82C11A72300F8A35F /* GoogleService-Info.plist */ = {isa = PBXFileReference; fileEncoding = 4; lastKnownFileType = text.plist.xml; path = "GoogleService-Info.plist"; sourceTree = "<group>"; };
/* End PBXFileReference section */

/* Begin PBXFrameworksBuildPhase section */
		BDACECD82C109309007B5262 /* Frameworks */ = {
			isa = PBXFrameworksBuildPhase;
			buildActionMask = 2147483647;
			files = (
				BDACED162C10BB78007B5262 /* FirebaseMessaging in Frameworks */,
				0E155E632C64EE6500649EBC /* xpeho_ui in Frameworks */,
				BDACED122C10BB78007B5262 /* FirebaseAuth in Frameworks */,
				BDACED142C10BB78007B5262 /* FirebaseFirestore in Frameworks */,
			);
			runOnlyForDeploymentPostprocessing = 0;
		};
		BDACECEA2C10930C007B5262 /* Frameworks */ = {
			isa = PBXFrameworksBuildPhase;
			buildActionMask = 2147483647;
			files = (
			);
			runOnlyForDeploymentPostprocessing = 0;
		};
		BDACECF42C10930C007B5262 /* Frameworks */ = {
			isa = PBXFrameworksBuildPhase;
			buildActionMask = 2147483647;
			files = (
				0E70329A2C6B5B3100850ED5 /* FirebaseMessaging in Frameworks */,
				0E7032A02C6B5B6A00850ED5 /* xpeho_ui in Frameworks */,
				0E70329C2C6B5B3600850ED5 /* FirebaseAuth in Frameworks */,
				0E70329E2C6B5B3A00850ED5 /* FirebaseFirestore in Frameworks */,
			);
			runOnlyForDeploymentPostprocessing = 0;
		};
/* End PBXFrameworksBuildPhase section */

/* Begin PBXGroup section */
		0E61D2AC2C78A07800050F7C /* model */ = {
			isa = PBXGroup;
			children = (
				0E61D2B02C78A0C600050F7C /* QvstCampaign.swift */,
				0E61D2AE2C78A0AC00050F7C /* QvstTheme.swift */,
				0E61D2C32C78A4F200050F7C /* QvstProgress.swift */,
				0E61D2BF2C78A4DA00050F7C /* QvstQuestion.swift */,
				0E61D2C12C78A4E300050F7C /* QvstAnswer.swift */,
				0E61D2C52C78A53100050F7C /* QvstFormResponse.swift */,
			);
			path = model;
			sourceTree = "<group>";
		};
		0E61D2AD2C78A07F00050F7C /* service */ = {
			isa = PBXGroup;
			children = (
				0E61D2C72C78A55400050F7C /* QvstService.swift */,
			);
			path = service;
			sourceTree = "<group>";
		};
		0E61D2B22C78A0EE00050F7C /* Features */ = {
			isa = PBXGroup;
			children = (
				0E5C6EFB2C6A1A4500AA2127 /* HomePageView.swift */,
				BDE1B5152C183AE200E8513F /* DebugPageView.swift */,
				BDFB9FFA2C11AC6200F8A35F /* Newsletter */,
				BD83CCB62C1853B200152559 /* QvstCampaigns */,
				0E87AC292C6607B50079877D /* CRA */,
				0E87AC2A2C6607C10079877D /* Vacation */,
				0E87AC2B2C6608190079877D /* ExpenseReport */,
			);
			path = Features;
			sourceTree = "<group>";
		};
		0E61D2B32C78A14300050F7C /* Layout */ = {
			isa = PBXGroup;
			children = (
				0E87AC2E2C660DBB0079877D /* Header.swift */,
				0E87AC322C660DDF0079877D /* Sidebar.swift */,
				0E5C6EF92C69EDD100AA2127 /* Title.swift */,
			);
			path = Layout;
			sourceTree = "<group>";
		};
		0E61D2B42C78A1CB00050F7C /* model */ = {
			isa = PBXGroup;
			children = (
				0E61D2B82C78A20F00050F7C /* Newsletter.swift */,
			);
			path = model;
			sourceTree = "<group>";
		};
		0E61D2B52C78A1D100050F7C /* service */ = {
			isa = PBXGroup;
			children = (
				0E61D2B62C78A1EA00050F7C /* NewsletterService.swift */,
			);
			path = service;
			sourceTree = "<group>";
		};
		0E61D2C92C78AFE700050F7C /* view */ = {
			isa = PBXGroup;
			children = (
				BD83CCB92C1853ED00152559 /* QvstCampaignsPageView.swift */,
				0E7EBD5D2C6CFF8700C95482 /* QvstCampaignFormView.swift */,
			);
			path = view;
			sourceTree = "<group>";
		};
		0E7032982C6B5B3100850ED5 /* Frameworks */ = {
			isa = PBXGroup;
			children = (
			);
			name = Frameworks;
			sourceTree = "<group>";
		};
		0E87AC292C6607B50079877D /* CRA */ = {
			isa = PBXGroup;
			children = (
			);
			path = CRA;
			sourceTree = "<group>";
		};
		0E87AC2A2C6607C10079877D /* Vacation */ = {
			isa = PBXGroup;
			children = (
			);
			path = Vacation;
			sourceTree = "<group>";
		};
		0E87AC2B2C6608190079877D /* ExpenseReport */ = {
			isa = PBXGroup;
			children = (
			);
			path = ExpenseReport;
			sourceTree = "<group>";
		};
		0E87AC2D2C660DA50079877D /* General */ = {
			isa = PBXGroup;
			children = (
				0E72BA632C77258900C0583D /* Data.swift */,
				0E72BA612C771FC100C0583D /* Router.swift */,
				0E67FA202C74943C00B34AE9 /* Toast.swift */,
				0E61D2BD2C78A47300050F7C /* Utils.swift */,
			);
			path = General;
			sourceTree = "<group>";
		};
		BD83CCB62C1853B200152559 /* QvstCampaigns */ = {
			isa = PBXGroup;
			children = (
				0E61D2C92C78AFE700050F7C /* view */,
				0E61D2AD2C78A07F00050F7C /* service */,
				0E61D2AC2C78A07800050F7C /* model */,
			);
			path = QvstCampaigns;
			sourceTree = "<group>";
		};
		BDACECD22C109309007B5262 = {
			isa = PBXGroup;
			children = (
				0E61D2CC2C78DC0B00050F7C /* XpeApp.xctestplan */,
				BDACECDD2C109309007B5262 /* XpeApp */,
				BDACECF02C10930C007B5262 /* XpeAppTests */,
				BDACECFA2C10930C007B5262 /* XpeAppUITests */,
				BDACECDC2C109309007B5262 /* Products */,
				0E7032982C6B5B3100850ED5 /* Frameworks */,
			);
			sourceTree = "<group>";
		};
		BDACECDC2C109309007B5262 /* Products */ = {
			isa = PBXGroup;
			children = (
				BDACECDB2C109309007B5262 /* XpeApp.app */,
				BDACECED2C10930C007B5262 /* XpeAppTests.xctest */,
				BDACECF72C10930C007B5262 /* XpeAppUITests.xctest */,
			);
			name = Products;
			sourceTree = "<group>";
		};
		BDACECDD2C109309007B5262 /* XpeApp */ = {
			isa = PBXGroup;
			children = (
				0E61D2CA2C78D47700050F7C /* Config.swift */,
				BDACECDE2C109309007B5262 /* XpeAppApp.swift */,
				BDC8A4242C18765A00D14C35 /* Info.plist */,
				BDACECE02C109309007B5262 /* ContentView.swift */,
				0E87AC2D2C660DA50079877D /* General */,
				0E61D2B32C78A14300050F7C /* Layout */,
				0E61D2B22C78A0EE00050F7C /* Features */,
				BDACECE42C10930C007B5262 /* Assets.xcassets */,
				0E155E642C64F97100649EBC /* LaunchScreen.storyboard */,
				BDFB9FF82C11A72300F8A35F /* GoogleService-Info.plist */,
				BDACECE62C10930C007B5262 /* Preview Content */,
			);
			path = XpeApp;
			sourceTree = "<group>";
		};
		BDACECE62C10930C007B5262 /* Preview Content */ = {
			isa = PBXGroup;
			children = (
				BDACECE72C10930C007B5262 /* Preview Assets.xcassets */,
			);
			path = "Preview Content";
			sourceTree = "<group>";
		};
		BDACECF02C10930C007B5262 /* XpeAppTests */ = {
			isa = PBXGroup;
			children = (
				BDACECF12C10930C007B5262 /* XpeAppTests.swift */,
				0E72BA5F2C75DCE400C0583D /* QvstTests.swift */,
			);
			path = XpeAppTests;
			sourceTree = "<group>";
		};
		BDACECFA2C10930C007B5262 /* XpeAppUITests */ = {
			isa = PBXGroup;
			children = (
				BDACECFB2C10930C007B5262 /* XpeAppUITests.swift */,
				BDACECFD2C10930C007B5262 /* XpeAppUITestsLaunchTests.swift */,
				0E7032952C6B591000850ED5 /* SidebarUITests.swift */,
			);
			path = XpeAppUITests;
			sourceTree = "<group>";
		};
		BDFB9FFA2C11AC6200F8A35F /* Newsletter */ = {
			isa = PBXGroup;
			children = (
				BDACED0A2C10A690007B5262 /* NewsletterPageView.swift */,
				0E61D2B52C78A1D100050F7C /* service */,
				0E61D2B42C78A1CB00050F7C /* model */,
			);
			path = Newsletter;
			sourceTree = "<group>";
		};
/* End PBXGroup section */

/* Begin PBXNativeTarget section */
		BDACECDA2C109309007B5262 /* XpeApp */ = {
			isa = PBXNativeTarget;
			buildConfigurationList = BDACED012C10930C007B5262 /* Build configuration list for PBXNativeTarget "XpeApp" */;
			buildPhases = (
				BDACECD72C109309007B5262 /* Sources */,
				BDACECD82C109309007B5262 /* Frameworks */,
				BDACECD92C109309007B5262 /* Resources */,
			);
			buildRules = (
			);
			dependencies = (
			);
			name = XpeApp;
			packageProductDependencies = (
				BDACED112C10BB78007B5262 /* FirebaseAuth */,
				BDACED132C10BB78007B5262 /* FirebaseFirestore */,
				BDACED152C10BB78007B5262 /* FirebaseMessaging */,
				0E155E622C64EE6500649EBC /* xpeho_ui */,
			);
			productName = XpeApp;
			productReference = BDACECDB2C109309007B5262 /* XpeApp.app */;
			productType = "com.apple.product-type.application";
		};
		BDACECEC2C10930C007B5262 /* XpeAppTests */ = {
			isa = PBXNativeTarget;
			buildConfigurationList = BDACED042C10930C007B5262 /* Build configuration list for PBXNativeTarget "XpeAppTests" */;
			buildPhases = (
				BDACECE92C10930C007B5262 /* Sources */,
				BDACECEA2C10930C007B5262 /* Frameworks */,
				BDACECEB2C10930C007B5262 /* Resources */,
			);
			buildRules = (
			);
			dependencies = (
				BDACECEF2C10930C007B5262 /* PBXTargetDependency */,
			);
			name = XpeAppTests;
			productName = XpeAppTests;
			productReference = BDACECED2C10930C007B5262 /* XpeAppTests.xctest */;
			productType = "com.apple.product-type.bundle.unit-test";
		};
		BDACECF62C10930C007B5262 /* XpeAppUITests */ = {
			isa = PBXNativeTarget;
			buildConfigurationList = BDACED072C10930C007B5262 /* Build configuration list for PBXNativeTarget "XpeAppUITests" */;
			buildPhases = (
				BDACECF32C10930C007B5262 /* Sources */,
				BDACECF42C10930C007B5262 /* Frameworks */,
				BDACECF52C10930C007B5262 /* Resources */,
			);
			buildRules = (
			);
			dependencies = (
				BDACECF92C10930C007B5262 /* PBXTargetDependency */,
			);
			name = XpeAppUITests;
			packageProductDependencies = (
				0E7032992C6B5B3100850ED5 /* FirebaseMessaging */,
				0E70329B2C6B5B3600850ED5 /* FirebaseAuth */,
				0E70329D2C6B5B3A00850ED5 /* FirebaseFirestore */,
				0E70329F2C6B5B6A00850ED5 /* xpeho_ui */,
			);
			productName = XpeAppUITests;
			productReference = BDACECF72C10930C007B5262 /* XpeAppUITests.xctest */;
			productType = "com.apple.product-type.bundle.ui-testing";
		};
/* End PBXNativeTarget section */

/* Begin PBXProject section */
		BDACECD32C109309007B5262 /* Project object */ = {
			isa = PBXProject;
			attributes = {
				BuildIndependentTargetsInParallel = 1;
				LastSwiftUpdateCheck = 1540;
				LastUpgradeCheck = 1540;
				TargetAttributes = {
					BDACECDA2C109309007B5262 = {
						CreatedOnToolsVersion = 15.4;
					};
					BDACECEC2C10930C007B5262 = {
						CreatedOnToolsVersion = 15.4;
						TestTargetID = BDACECDA2C109309007B5262;
					};
					BDACECF62C10930C007B5262 = {
						CreatedOnToolsVersion = 15.4;
						TestTargetID = BDACECDA2C109309007B5262;
					};
				};
			};
			buildConfigurationList = BDACECD62C109309007B5262 /* Build configuration list for PBXProject "XpeApp" */;
			compatibilityVersion = "Xcode 14.0";
			developmentRegion = en;
			hasScannedForEncodings = 0;
			knownRegions = (
				en,
				Base,
			);
			mainGroup = BDACECD22C109309007B5262;
			packageReferences = (
				BDACED102C10BB78007B5262 /* XCRemoteSwiftPackageReference "firebase-ios-sdk" */,
				0E155E612C64EE6500649EBC /* XCRemoteSwiftPackageReference "xpeho_ui_swift" */,
			);
			productRefGroup = BDACECDC2C109309007B5262 /* Products */;
			projectDirPath = "";
			projectRoot = "";
			targets = (
				BDACECDA2C109309007B5262 /* XpeApp */,
				BDACECEC2C10930C007B5262 /* XpeAppTests */,
				BDACECF62C10930C007B5262 /* XpeAppUITests */,
			);
		};
/* End PBXProject section */

/* Begin PBXResourcesBuildPhase section */
		BDACECD92C109309007B5262 /* Resources */ = {
			isa = PBXResourcesBuildPhase;
			buildActionMask = 2147483647;
			files = (
				BDACECE82C10930C007B5262 /* Preview Assets.xcassets in Resources */,
				0E155E652C64F97100649EBC /* LaunchScreen.storyboard in Resources */,
				BDACECE52C10930C007B5262 /* Assets.xcassets in Resources */,
				BDFB9FF92C11A72300F8A35F /* GoogleService-Info.plist in Resources */,
			);
			runOnlyForDeploymentPostprocessing = 0;
		};
		BDACECEB2C10930C007B5262 /* Resources */ = {
			isa = PBXResourcesBuildPhase;
			buildActionMask = 2147483647;
			files = (
			);
			runOnlyForDeploymentPostprocessing = 0;
		};
		BDACECF52C10930C007B5262 /* Resources */ = {
			isa = PBXResourcesBuildPhase;
			buildActionMask = 2147483647;
			files = (
			);
			runOnlyForDeploymentPostprocessing = 0;
		};
/* End PBXResourcesBuildPhase section */

/* Begin PBXSourcesBuildPhase section */
		BDACECD72C109309007B5262 /* Sources */ = {
			isa = PBXSourcesBuildPhase;
			buildActionMask = 2147483647;
			files = (
				0E61D2B92C78A20F00050F7C /* Newsletter.swift in Sources */,
				0E7EBD5E2C6CFF8700C95482 /* QvstCampaignFormView.swift in Sources */,
				0E67FA212C74943C00B34AE9 /* Toast.swift in Sources */,
				0E61D2AF2C78A0AC00050F7C /* QvstTheme.swift in Sources */,
				0E5C6EFC2C6A1A4500AA2127 /* HomePageView.swift in Sources */,
				0E61D2CB2C78D47700050F7C /* Config.swift in Sources */,
				BDE1B5162C183AE200E8513F /* DebugPageView.swift in Sources */,
				0E72BA642C77258900C0583D /* Data.swift in Sources */,
				0E61D2B72C78A1EA00050F7C /* NewsletterService.swift in Sources */,
				0E5C6EFA2C69EDD100AA2127 /* Title.swift in Sources */,
				BDACECE12C109309007B5262 /* ContentView.swift in Sources */,
				0E61D2B12C78A0C600050F7C /* QvstCampaign.swift in Sources */,
				0E87AC2F2C660DBB0079877D /* Header.swift in Sources */,
				0E72BA622C771FC100C0583D /* Router.swift in Sources */,
				BDACECDF2C109309007B5262 /* XpeAppApp.swift in Sources */,
				0E61D2C42C78A4F200050F7C /* QvstProgress.swift in Sources */,
				0E61D2C62C78A53100050F7C /* QvstFormResponse.swift in Sources */,
				BDACED0B2C10A690007B5262 /* NewsletterPageView.swift in Sources */,
				0E61D2BE2C78A47300050F7C /* Utils.swift in Sources */,
				0E87AC332C660DDF0079877D /* Sidebar.swift in Sources */,
				0E61D2C22C78A4E300050F7C /* QvstAnswer.swift in Sources */,
				BD83CCBA2C1853ED00152559 /* QvstCampaignsPageView.swift in Sources */,
				0E61D2C02C78A4DA00050F7C /* QvstQuestion.swift in Sources */,
				0E61D2C82C78A55400050F7C /* QvstService.swift in Sources */,
			);
			runOnlyForDeploymentPostprocessing = 0;
		};
		BDACECE92C10930C007B5262 /* Sources */ = {
			isa = PBXSourcesBuildPhase;
			buildActionMask = 2147483647;
			files = (
				BDACECF22C10930C007B5262 /* XpeAppTests.swift in Sources */,
				0E72BA602C75DCE400C0583D /* QvstTests.swift in Sources */,
			);
			runOnlyForDeploymentPostprocessing = 0;
		};
		BDACECF32C10930C007B5262 /* Sources */ = {
			isa = PBXSourcesBuildPhase;
			buildActionMask = 2147483647;
			files = (
				0E7032972C6B5A6600850ED5 /* XpeAppUITests.swift in Sources */,
				0E7032962C6B591000850ED5 /* SidebarUITests.swift in Sources */,
				BDACECFE2C10930C007B5262 /* XpeAppUITestsLaunchTests.swift in Sources */,
			);
			runOnlyForDeploymentPostprocessing = 0;
		};
/* End PBXSourcesBuildPhase section */

/* Begin PBXTargetDependency section */
		BDACECEF2C10930C007B5262 /* PBXTargetDependency */ = {
			isa = PBXTargetDependency;
			target = BDACECDA2C109309007B5262 /* XpeApp */;
			targetProxy = BDACECEE2C10930C007B5262 /* PBXContainerItemProxy */;
		};
		BDACECF92C10930C007B5262 /* PBXTargetDependency */ = {
			isa = PBXTargetDependency;
			target = BDACECDA2C109309007B5262 /* XpeApp */;
			targetProxy = BDACECF82C10930C007B5262 /* PBXContainerItemProxy */;
		};
/* End PBXTargetDependency section */

/* Begin XCBuildConfiguration section */
		BDACECFF2C10930C007B5262 /* Debug */ = {
			isa = XCBuildConfiguration;
			buildSettings = {
				ALWAYS_SEARCH_USER_PATHS = NO;
				ASSETCATALOG_COMPILER_GENERATE_SWIFT_ASSET_SYMBOL_EXTENSIONS = YES;
				CLANG_ANALYZER_NONNULL = YES;
				CLANG_ANALYZER_NUMBER_OBJECT_CONVERSION = YES_AGGRESSIVE;
				CLANG_CXX_LANGUAGE_STANDARD = "gnu++20";
				CLANG_ENABLE_MODULES = YES;
				CLANG_ENABLE_OBJC_ARC = YES;
				CLANG_ENABLE_OBJC_WEAK = YES;
				CLANG_WARN_BLOCK_CAPTURE_AUTORELEASING = YES;
				CLANG_WARN_BOOL_CONVERSION = YES;
				CLANG_WARN_COMMA = YES;
				CLANG_WARN_CONSTANT_CONVERSION = YES;
				CLANG_WARN_DEPRECATED_OBJC_IMPLEMENTATIONS = YES;
				CLANG_WARN_DIRECT_OBJC_ISA_USAGE = YES_ERROR;
				CLANG_WARN_DOCUMENTATION_COMMENTS = YES;
				CLANG_WARN_EMPTY_BODY = YES;
				CLANG_WARN_ENUM_CONVERSION = YES;
				CLANG_WARN_INFINITE_RECURSION = YES;
				CLANG_WARN_INT_CONVERSION = YES;
				CLANG_WARN_NON_LITERAL_NULL_CONVERSION = YES;
				CLANG_WARN_OBJC_IMPLICIT_RETAIN_SELF = YES;
				CLANG_WARN_OBJC_LITERAL_CONVERSION = YES;
				CLANG_WARN_OBJC_ROOT_CLASS = YES_ERROR;
				CLANG_WARN_QUOTED_INCLUDE_IN_FRAMEWORK_HEADER = YES;
				CLANG_WARN_RANGE_LOOP_ANALYSIS = YES;
				CLANG_WARN_STRICT_PROTOTYPES = YES;
				CLANG_WARN_SUSPICIOUS_MOVE = YES;
				CLANG_WARN_UNGUARDED_AVAILABILITY = YES_AGGRESSIVE;
				CLANG_WARN_UNREACHABLE_CODE = YES;
				CLANG_WARN__DUPLICATE_METHOD_MATCH = YES;
				COPY_PHASE_STRIP = NO;
				DEBUG_INFORMATION_FORMAT = dwarf;
				ENABLE_STRICT_OBJC_MSGSEND = YES;
				ENABLE_TESTABILITY = YES;
				ENABLE_USER_SCRIPT_SANDBOXING = YES;
				GCC_C_LANGUAGE_STANDARD = gnu17;
				GCC_DYNAMIC_NO_PIC = NO;
				GCC_NO_COMMON_BLOCKS = YES;
				GCC_OPTIMIZATION_LEVEL = 0;
				GCC_PREPROCESSOR_DEFINITIONS = (
					"DEBUG=1",
					"$(inherited)",
				);
				GCC_WARN_64_TO_32_BIT_CONVERSION = YES;
				GCC_WARN_ABOUT_RETURN_TYPE = YES_ERROR;
				GCC_WARN_UNDECLARED_SELECTOR = YES;
				GCC_WARN_UNINITIALIZED_AUTOS = YES_AGGRESSIVE;
				GCC_WARN_UNUSED_FUNCTION = YES;
				GCC_WARN_UNUSED_VARIABLE = YES;
				IPHONEOS_DEPLOYMENT_TARGET = 17.0;
				LOCALIZATION_PREFERS_STRING_CATALOGS = YES;
				MTL_ENABLE_DEBUG_INFO = INCLUDE_SOURCE;
				MTL_FAST_MATH = YES;
				ONLY_ACTIVE_ARCH = YES;
				SDKROOT = iphoneos;
				SWIFT_ACTIVE_COMPILATION_CONDITIONS = "DEBUG $(inherited)";
				SWIFT_OPTIMIZATION_LEVEL = "-Onone";
			};
			name = Debug;
		};
		BDACED002C10930C007B5262 /* Release */ = {
			isa = XCBuildConfiguration;
			buildSettings = {
				ALWAYS_SEARCH_USER_PATHS = NO;
				ASSETCATALOG_COMPILER_GENERATE_SWIFT_ASSET_SYMBOL_EXTENSIONS = YES;
				CLANG_ANALYZER_NONNULL = YES;
				CLANG_ANALYZER_NUMBER_OBJECT_CONVERSION = YES_AGGRESSIVE;
				CLANG_CXX_LANGUAGE_STANDARD = "gnu++20";
				CLANG_ENABLE_MODULES = YES;
				CLANG_ENABLE_OBJC_ARC = YES;
				CLANG_ENABLE_OBJC_WEAK = YES;
				CLANG_WARN_BLOCK_CAPTURE_AUTORELEASING = YES;
				CLANG_WARN_BOOL_CONVERSION = YES;
				CLANG_WARN_COMMA = YES;
				CLANG_WARN_CONSTANT_CONVERSION = YES;
				CLANG_WARN_DEPRECATED_OBJC_IMPLEMENTATIONS = YES;
				CLANG_WARN_DIRECT_OBJC_ISA_USAGE = YES_ERROR;
				CLANG_WARN_DOCUMENTATION_COMMENTS = YES;
				CLANG_WARN_EMPTY_BODY = YES;
				CLANG_WARN_ENUM_CONVERSION = YES;
				CLANG_WARN_INFINITE_RECURSION = YES;
				CLANG_WARN_INT_CONVERSION = YES;
				CLANG_WARN_NON_LITERAL_NULL_CONVERSION = YES;
				CLANG_WARN_OBJC_IMPLICIT_RETAIN_SELF = YES;
				CLANG_WARN_OBJC_LITERAL_CONVERSION = YES;
				CLANG_WARN_OBJC_ROOT_CLASS = YES_ERROR;
				CLANG_WARN_QUOTED_INCLUDE_IN_FRAMEWORK_HEADER = YES;
				CLANG_WARN_RANGE_LOOP_ANALYSIS = YES;
				CLANG_WARN_STRICT_PROTOTYPES = YES;
				CLANG_WARN_SUSPICIOUS_MOVE = YES;
				CLANG_WARN_UNGUARDED_AVAILABILITY = YES_AGGRESSIVE;
				CLANG_WARN_UNREACHABLE_CODE = YES;
				CLANG_WARN__DUPLICATE_METHOD_MATCH = YES;
				COPY_PHASE_STRIP = NO;
				DEBUG_INFORMATION_FORMAT = "dwarf-with-dsym";
				ENABLE_NS_ASSERTIONS = NO;
				ENABLE_STRICT_OBJC_MSGSEND = YES;
				ENABLE_USER_SCRIPT_SANDBOXING = YES;
				GCC_C_LANGUAGE_STANDARD = gnu17;
				GCC_NO_COMMON_BLOCKS = YES;
				GCC_WARN_64_TO_32_BIT_CONVERSION = YES;
				GCC_WARN_ABOUT_RETURN_TYPE = YES_ERROR;
				GCC_WARN_UNDECLARED_SELECTOR = YES;
				GCC_WARN_UNINITIALIZED_AUTOS = YES_AGGRESSIVE;
				GCC_WARN_UNUSED_FUNCTION = YES;
				GCC_WARN_UNUSED_VARIABLE = YES;
				IPHONEOS_DEPLOYMENT_TARGET = 17.0;
				LOCALIZATION_PREFERS_STRING_CATALOGS = YES;
				MTL_ENABLE_DEBUG_INFO = NO;
				MTL_FAST_MATH = YES;
				SDKROOT = iphoneos;
				SWIFT_COMPILATION_MODE = wholemodule;
				VALIDATE_PRODUCT = YES;
			};
			name = Release;
		};
		BDACED022C10930C007B5262 /* Debug */ = {
			isa = XCBuildConfiguration;
			buildSettings = {
				ASSETCATALOG_COMPILER_APPICON_NAME = AppIcon;
				ASSETCATALOG_COMPILER_GLOBAL_ACCENT_COLOR_NAME = AccentColor;
				CODE_SIGN_STYLE = Automatic;
				CURRENT_PROJECT_VERSION = 1;
				DEVELOPMENT_ASSET_PATHS = "\"XpeApp/Preview Content\"";
				ENABLE_PREVIEWS = YES;
				GENERATE_INFOPLIST_FILE = YES;
				INFOPLIST_FILE = XpeApp/Info.plist;
				INFOPLIST_KEY_UIApplicationSceneManifest_Generation = YES;
				INFOPLIST_KEY_UIApplicationSupportsIndirectInputEvents = YES;
				INFOPLIST_KEY_UILaunchScreen_Generation = YES;
				INFOPLIST_KEY_UILaunchStoryboardName = LaunchScreen.storyboard;
				INFOPLIST_KEY_UISupportedInterfaceOrientations_iPad = "UIInterfaceOrientationPortrait UIInterfaceOrientationPortraitUpsideDown UIInterfaceOrientationLandscapeLeft UIInterfaceOrientationLandscapeRight";
				INFOPLIST_KEY_UISupportedInterfaceOrientations_iPhone = "UIInterfaceOrientationPortrait UIInterfaceOrientationLandscapeLeft UIInterfaceOrientationLandscapeRight";
				LD_RUNPATH_SEARCH_PATHS = (
					"$(inherited)",
					"@executable_path/Frameworks",
				);
				MARKETING_VERSION = 1.0;
				PRODUCT_BUNDLE_IDENTIFIER = com.xpeho.XpeApp;
				PRODUCT_NAME = "$(TARGET_NAME)";
				SWIFT_EMIT_LOC_STRINGS = YES;
				SWIFT_VERSION = 5.0;
				TARGETED_DEVICE_FAMILY = "1,2";
			};
			name = Debug;
		};
		BDACED032C10930C007B5262 /* Release */ = {
			isa = XCBuildConfiguration;
			buildSettings = {
				ASSETCATALOG_COMPILER_APPICON_NAME = AppIcon;
				ASSETCATALOG_COMPILER_GLOBAL_ACCENT_COLOR_NAME = AccentColor;
				CODE_SIGN_STYLE = Automatic;
				CURRENT_PROJECT_VERSION = 1;
				DEVELOPMENT_ASSET_PATHS = "\"XpeApp/Preview Content\"";
				ENABLE_PREVIEWS = YES;
				GENERATE_INFOPLIST_FILE = YES;
				INFOPLIST_FILE = XpeApp/Info.plist;
				INFOPLIST_KEY_UIApplicationSceneManifest_Generation = YES;
				INFOPLIST_KEY_UIApplicationSupportsIndirectInputEvents = YES;
				INFOPLIST_KEY_UILaunchScreen_Generation = YES;
				INFOPLIST_KEY_UILaunchStoryboardName = LaunchScreen.storyboard;
				INFOPLIST_KEY_UISupportedInterfaceOrientations_iPad = "UIInterfaceOrientationPortrait UIInterfaceOrientationPortraitUpsideDown UIInterfaceOrientationLandscapeLeft UIInterfaceOrientationLandscapeRight";
				INFOPLIST_KEY_UISupportedInterfaceOrientations_iPhone = "UIInterfaceOrientationPortrait UIInterfaceOrientationLandscapeLeft UIInterfaceOrientationLandscapeRight";
				LD_RUNPATH_SEARCH_PATHS = (
					"$(inherited)",
					"@executable_path/Frameworks",
				);
				MARKETING_VERSION = 1.0;
				PRODUCT_BUNDLE_IDENTIFIER = com.xpeho.XpeApp;
				PRODUCT_NAME = "$(TARGET_NAME)";
				SWIFT_EMIT_LOC_STRINGS = YES;
				SWIFT_VERSION = 5.0;
				TARGETED_DEVICE_FAMILY = "1,2";
			};
			name = Release;
		};
		BDACED052C10930C007B5262 /* Debug */ = {
			isa = XCBuildConfiguration;
			buildSettings = {
				ALWAYS_EMBED_SWIFT_STANDARD_LIBRARIES = YES;
				BUNDLE_LOADER = "$(TEST_HOST)";
				CODE_SIGN_STYLE = Automatic;
				CURRENT_PROJECT_VERSION = 1;
				GENERATE_INFOPLIST_FILE = YES;
				IPHONEOS_DEPLOYMENT_TARGET = 17.5;
				MARKETING_VERSION = 1.0;
				PRODUCT_BUNDLE_IDENTIFIER = xpeho.XpeAppTests;
				PRODUCT_NAME = "$(TARGET_NAME)";
				SWIFT_EMIT_LOC_STRINGS = NO;
				SWIFT_VERSION = 5.0;
				TARGETED_DEVICE_FAMILY = "1,2";
				TEST_HOST = "$(BUILT_PRODUCTS_DIR)/XpeApp.app/$(BUNDLE_EXECUTABLE_FOLDER_PATH)/XpeApp";
			};
			name = Debug;
		};
		BDACED062C10930C007B5262 /* Release */ = {
			isa = XCBuildConfiguration;
			buildSettings = {
				ALWAYS_EMBED_SWIFT_STANDARD_LIBRARIES = YES;
				BUNDLE_LOADER = "$(TEST_HOST)";
				CODE_SIGN_STYLE = Automatic;
				CURRENT_PROJECT_VERSION = 1;
				GENERATE_INFOPLIST_FILE = YES;
				IPHONEOS_DEPLOYMENT_TARGET = 17.5;
				MARKETING_VERSION = 1.0;
				PRODUCT_BUNDLE_IDENTIFIER = xpeho.XpeAppTests;
				PRODUCT_NAME = "$(TARGET_NAME)";
				SWIFT_EMIT_LOC_STRINGS = NO;
				SWIFT_VERSION = 5.0;
				TARGETED_DEVICE_FAMILY = "1,2";
				TEST_HOST = "$(BUILT_PRODUCTS_DIR)/XpeApp.app/$(BUNDLE_EXECUTABLE_FOLDER_PATH)/XpeApp";
			};
			name = Release;
		};
		BDACED082C10930C007B5262 /* Debug */ = {
			isa = XCBuildConfiguration;
			buildSettings = {
				ALWAYS_EMBED_SWIFT_STANDARD_LIBRARIES = YES;
				CODE_SIGN_STYLE = Automatic;
				CURRENT_PROJECT_VERSION = 1;
				GENERATE_INFOPLIST_FILE = YES;
				MARKETING_VERSION = 1.0;
				PRODUCT_BUNDLE_IDENTIFIER = xpeho.XpeAppUITests;
				PRODUCT_NAME = "$(TARGET_NAME)";
				SWIFT_EMIT_LOC_STRINGS = NO;
				SWIFT_VERSION = 5.0;
				TARGETED_DEVICE_FAMILY = "1,2";
				TEST_TARGET_NAME = XpeApp;
			};
			name = Debug;
		};
		BDACED092C10930C007B5262 /* Release */ = {
			isa = XCBuildConfiguration;
			buildSettings = {
				ALWAYS_EMBED_SWIFT_STANDARD_LIBRARIES = YES;
				CODE_SIGN_STYLE = Automatic;
				CURRENT_PROJECT_VERSION = 1;
				GENERATE_INFOPLIST_FILE = YES;
				MARKETING_VERSION = 1.0;
				PRODUCT_BUNDLE_IDENTIFIER = xpeho.XpeAppUITests;
				PRODUCT_NAME = "$(TARGET_NAME)";
				SWIFT_EMIT_LOC_STRINGS = NO;
				SWIFT_VERSION = 5.0;
				TARGETED_DEVICE_FAMILY = "1,2";
				TEST_TARGET_NAME = XpeApp;
			};
			name = Release;
		};
/* End XCBuildConfiguration section */

/* Begin XCConfigurationList section */
		BDACECD62C109309007B5262 /* Build configuration list for PBXProject "XpeApp" */ = {
			isa = XCConfigurationList;
			buildConfigurations = (
				BDACECFF2C10930C007B5262 /* Debug */,
				BDACED002C10930C007B5262 /* Release */,
			);
			defaultConfigurationIsVisible = 0;
			defaultConfigurationName = Release;
		};
		BDACED012C10930C007B5262 /* Build configuration list for PBXNativeTarget "XpeApp" */ = {
			isa = XCConfigurationList;
			buildConfigurations = (
				BDACED022C10930C007B5262 /* Debug */,
				BDACED032C10930C007B5262 /* Release */,
			);
			defaultConfigurationIsVisible = 0;
			defaultConfigurationName = Release;
		};
		BDACED042C10930C007B5262 /* Build configuration list for PBXNativeTarget "XpeAppTests" */ = {
			isa = XCConfigurationList;
			buildConfigurations = (
				BDACED052C10930C007B5262 /* Debug */,
				BDACED062C10930C007B5262 /* Release */,
			);
			defaultConfigurationIsVisible = 0;
			defaultConfigurationName = Release;
		};
		BDACED072C10930C007B5262 /* Build configuration list for PBXNativeTarget "XpeAppUITests" */ = {
			isa = XCConfigurationList;
			buildConfigurations = (
				BDACED082C10930C007B5262 /* Debug */,
				BDACED092C10930C007B5262 /* Release */,
			);
			defaultConfigurationIsVisible = 0;
			defaultConfigurationName = Release;
		};
/* End XCConfigurationList section */

/* Begin XCRemoteSwiftPackageReference section */
		0E155E612C64EE6500649EBC /* XCRemoteSwiftPackageReference "xpeho_ui_swift" */ = {
			isa = XCRemoteSwiftPackageReference;
			repositoryURL = "https://github.com/XPEHO/xpeho_ui_swift";
			requirement = {
				kind = upToNextMajorVersion;
				minimumVersion = 1.0.0;
			};
		};
		BDACED102C10BB78007B5262 /* XCRemoteSwiftPackageReference "firebase-ios-sdk" */ = {
			isa = XCRemoteSwiftPackageReference;
			repositoryURL = "https://github.com/firebase/firebase-ios-sdk.git";
			requirement = {
				kind = upToNextMajorVersion;
				minimumVersion = 10.27.0;
			};
		};
/* End XCRemoteSwiftPackageReference section */

/* Begin XCSwiftPackageProductDependency section */
		0E155E622C64EE6500649EBC /* xpeho_ui */ = {
			isa = XCSwiftPackageProductDependency;
			package = 0E155E612C64EE6500649EBC /* XCRemoteSwiftPackageReference "xpeho_ui_swift" */;
			productName = xpeho_ui;
		};
		0E7032992C6B5B3100850ED5 /* FirebaseMessaging */ = {
			isa = XCSwiftPackageProductDependency;
			package = BDACED102C10BB78007B5262 /* XCRemoteSwiftPackageReference "firebase-ios-sdk" */;
			productName = FirebaseMessaging;
		};
		0E70329B2C6B5B3600850ED5 /* FirebaseAuth */ = {
			isa = XCSwiftPackageProductDependency;
			package = BDACED102C10BB78007B5262 /* XCRemoteSwiftPackageReference "firebase-ios-sdk" */;
			productName = FirebaseAuth;
		};
		0E70329D2C6B5B3A00850ED5 /* FirebaseFirestore */ = {
			isa = XCSwiftPackageProductDependency;
			package = BDACED102C10BB78007B5262 /* XCRemoteSwiftPackageReference "firebase-ios-sdk" */;
			productName = FirebaseFirestore;
		};
		0E70329F2C6B5B6A00850ED5 /* xpeho_ui */ = {
			isa = XCSwiftPackageProductDependency;
			package = 0E155E612C64EE6500649EBC /* XCRemoteSwiftPackageReference "xpeho_ui_swift" */;
			productName = xpeho_ui;
		};
		BDACED112C10BB78007B5262 /* FirebaseAuth */ = {
			isa = XCSwiftPackageProductDependency;
			package = BDACED102C10BB78007B5262 /* XCRemoteSwiftPackageReference "firebase-ios-sdk" */;
			productName = FirebaseAuth;
		};
		BDACED132C10BB78007B5262 /* FirebaseFirestore */ = {
			isa = XCSwiftPackageProductDependency;
			package = BDACED102C10BB78007B5262 /* XCRemoteSwiftPackageReference "firebase-ios-sdk" */;
			productName = FirebaseFirestore;
		};
		BDACED152C10BB78007B5262 /* FirebaseMessaging */ = {
			isa = XCSwiftPackageProductDependency;
			package = BDACED102C10BB78007B5262 /* XCRemoteSwiftPackageReference "firebase-ios-sdk" */;
			productName = FirebaseMessaging;
		};
/* End XCSwiftPackageProductDependency section */
	};
	rootObject = BDACECD32C109309007B5262 /* Project object */;
}
